# This file is generated by running "yarn install" inside your project.
# Manual changes might be lost - proceed with caution!

__metadata:
  version: 9
  cacheKey: 10c0

"@aws-crypto/sha256-browser@npm:5.2.0":
  version: 5.2.0
  resolution: "@aws-crypto/sha256-browser@npm:5.2.0"
  dependencies:
    "@aws-crypto/sha256-js": "npm:^5.2.0"
    "@aws-crypto/supports-web-crypto": "npm:^5.2.0"
    "@aws-crypto/util": "npm:^5.2.0"
    "@aws-sdk/types": "npm:^3.222.0"
    "@aws-sdk/util-locate-window": "npm:^3.0.0"
    "@smithy/util-utf8": "npm:^2.0.0"
    tslib: "npm:^2.6.2"
  checksum: 10c0/05f6d256794df800fe9aef5f52f2ac7415f7f3117d461f85a6aecaa4e29e91527b6fd503681a17136fa89e9dd3d916e9c7e4cfb5eba222875cb6c077bdc1d00d
  languageName: node
  linkType: hard

"@aws-crypto/sha256-js@npm:5.2.0, @aws-crypto/sha256-js@npm:^5.2.0":
  version: 5.2.0
  resolution: "@aws-crypto/sha256-js@npm:5.2.0"
  dependencies:
    "@aws-crypto/util": "npm:^5.2.0"
    "@aws-sdk/types": "npm:^3.222.0"
    tslib: "npm:^2.6.2"
  checksum: 10c0/6c48701f8336341bb104dfde3d0050c89c288051f6b5e9bdfeb8091cf3ffc86efcd5c9e6ff2a4a134406b019c07aca9db608128f8d9267c952578a3108db9fd1
  languageName: node
  linkType: hard

"@aws-crypto/supports-web-crypto@npm:^5.2.0":
  version: 5.2.0
  resolution: "@aws-crypto/supports-web-crypto@npm:5.2.0"
  dependencies:
    tslib: "npm:^2.6.2"
  checksum: 10c0/4d2118e29d68ca3f5947f1e37ce1fbb3239a0c569cc938cdc8ab8390d595609b5caf51a07c9e0535105b17bf5c52ea256fed705a07e9681118120ab64ee73af2
  languageName: node
  linkType: hard

"@aws-crypto/util@npm:^5.2.0":
  version: 5.2.0
  resolution: "@aws-crypto/util@npm:5.2.0"
  dependencies:
    "@aws-sdk/types": "npm:^3.222.0"
    "@smithy/util-utf8": "npm:^2.0.0"
    tslib: "npm:^2.6.2"
  checksum: 10c0/0362d4c197b1fd64b423966945130207d1fe23e1bb2878a18e361f7743c8d339dad3f8729895a29aa34fff6a86c65f281cf5167c4bf253f21627ae80b6dd2951
  languageName: node
  linkType: hard

"@aws-sdk/client-cognito-identity@npm:3.993.0":
  version: 3.993.0
  resolution: "@aws-sdk/client-cognito-identity@npm:3.993.0"
  dependencies:
    "@aws-crypto/sha256-browser": "npm:5.2.0"
    "@aws-crypto/sha256-js": "npm:5.2.0"
    "@aws-sdk/core": "npm:^3.973.11"
    "@aws-sdk/credential-provider-node": "npm:^3.972.10"
    "@aws-sdk/middleware-host-header": "npm:^3.972.3"
    "@aws-sdk/middleware-logger": "npm:^3.972.3"
    "@aws-sdk/middleware-recursion-detection": "npm:^3.972.3"
    "@aws-sdk/middleware-user-agent": "npm:^3.972.11"
    "@aws-sdk/region-config-resolver": "npm:^3.972.3"
    "@aws-sdk/types": "npm:^3.973.1"
    "@aws-sdk/util-endpoints": "npm:3.993.0"
    "@aws-sdk/util-user-agent-browser": "npm:^3.972.3"
    "@aws-sdk/util-user-agent-node": "npm:^3.972.9"
    "@smithy/config-resolver": "npm:^4.4.6"
    "@smithy/core": "npm:^3.23.2"
    "@smithy/fetch-http-handler": "npm:^5.3.9"
    "@smithy/hash-node": "npm:^4.2.8"
    "@smithy/invalid-dependency": "npm:^4.2.8"
    "@smithy/middleware-content-length": "npm:^4.2.8"
    "@smithy/middleware-endpoint": "npm:^4.4.16"
    "@smithy/middleware-retry": "npm:^4.4.33"
    "@smithy/middleware-serde": "npm:^4.2.9"
    "@smithy/middleware-stack": "npm:^4.2.8"
    "@smithy/node-config-provider": "npm:^4.3.8"
    "@smithy/node-http-handler": "npm:^4.4.10"
    "@smithy/protocol-http": "npm:^5.3.8"
    "@smithy/smithy-client": "npm:^4.11.5"
    "@smithy/types": "npm:^4.12.0"
    "@smithy/url-parser": "npm:^4.2.8"
    "@smithy/util-base64": "npm:^4.3.0"
    "@smithy/util-body-length-browser": "npm:^4.2.0"
    "@smithy/util-body-length-node": "npm:^4.2.1"
    "@smithy/util-defaults-mode-browser": "npm:^4.3.32"
    "@smithy/util-defaults-mode-node": "npm:^4.2.35"
    "@smithy/util-endpoints": "npm:^3.2.8"
    "@smithy/util-middleware": "npm:^4.2.8"
    "@smithy/util-retry": "npm:^4.2.8"
    "@smithy/util-utf8": "npm:^4.2.0"
    tslib: "npm:^2.6.2"
  checksum: 10c0/5b0080ba8a87146b3ff2d5b4030722b0fc2051d2f2327c29f9d701d3501b0ff215337d683f31562a968d453efdba344f196ab5209f572c3dd5faf7d439976f7e
  languageName: node
  linkType: hard

"@aws-sdk/core@npm:^3.973.11, @aws-sdk/core@npm:^3.974.8":
  version: 3.974.8
  resolution: "@aws-sdk/core@npm:3.974.8"
  dependencies:
    "@aws-sdk/types": "npm:^3.973.8"
    "@aws-sdk/xml-builder": "npm:^3.972.22"
    "@smithy/core": "npm:^3.23.17"
    "@smithy/node-config-provider": "npm:^4.3.14"
    "@smithy/property-provider": "npm:^4.2.14"
    "@smithy/protocol-http": "npm:^5.3.14"
    "@smithy/signature-v4": "npm:^5.3.14"
    "@smithy/smithy-client": "npm:^4.12.13"
    "@smithy/types": "npm:^4.14.1"
    "@smithy/util-base64": "npm:^4.3.2"
    "@smithy/util-middleware": "npm:^4.2.14"
    "@smithy/util-retry": "npm:^4.3.6"
    "@smithy/util-utf8": "npm:^4.2.2"
    tslib: "npm:^2.6.2"
  checksum: 10c0/7b7e01e01e8b5f28b5d1b3d6f263bcf1b395600c2401009ad2b398a39b43ade33eacd59371c1e960c969f8164bfa9aff3ce950a5ba527a73c82eedc21456850f
  languageName: node
  linkType: hard

"@aws-sdk/credential-provider-cognito-identity@npm:^3.972.3":
  version: 3.972.31
  resolution: "@aws-sdk/credential-provider-cognito-identity@npm:3.972.31"
  dependencies:
    "@aws-sdk/nested-clients": "npm:^3.997.6"
    "@aws-sdk/types": "npm:^3.973.8"
    "@smithy/property-provider": "npm:^4.2.14"
    "@smithy/types": "npm:^4.14.1"
    tslib: "npm:^2.6.2"
  checksum: 10c0/92efbcd91559c2ce40fd757156af9b858ef7909f39b7e1f3e26285ec62e56872fe9ba3b8f85895fabc6c9c663e6f932ed3b34ca1f9be500b839c7e8937853bcb
  languageName: node
  linkType: hard

"@aws-sdk/credential-provider-env@npm:^3.972.34, @aws-sdk/credential-provider-env@npm:^3.972.9":
  version: 3.972.34
  resolution: "@aws-sdk/credential-provider-env@npm:3.972.34"
  dependencies:
    "@aws-sdk/core": "npm:^3.974.8"
    "@aws-sdk/types": "npm:^3.973.8"
    "@smithy/property-provider": "npm:^4.2.14"
    "@smithy/types": "npm:^4.14.1"
    tslib: "npm:^2.6.2"
  checksum: 10c0/2f75940784b92ff71292b6dc5e660982f80bcfb4c3fcd0f0a04b0ff7de0a5b91000505b947434813b1104647d05678c3504560a7937aa82639e0042cb4597705
  languageName: node
  linkType: hard

"@aws-sdk/credential-provider-http@npm:^3.972.11, @aws-sdk/credential-provider-http@npm:^3.972.36":
  version: 3.972.36
  resolution: "@aws-sdk/credential-provider-http@npm:3.972.36"
  dependencies:
    "@aws-sdk/core": "npm:^3.974.8"
    "@aws-sdk/types": "npm:^3.973.8"
    "@smithy/fetch-http-handler": "npm:^5.3.17"
    "@smithy/node-http-handler": "npm:^4.6.1"
    "@smithy/property-provider": "npm:^4.2.14"
    "@smithy/protocol-http": "npm:^5.3.14"
    "@smithy/smithy-client": "npm:^4.12.13"
    "@smithy/types": "npm:^4.14.1"
    "@smithy/util-stream": "npm:^4.5.25"
    tslib: "npm:^2.6.2"
  checksum: 10c0/b3dd17e4403b3ef026a65da15cc3d08fdfddd42449f6d10edc6a4b016ed05306f7d4fe1fe286abd00bcf6cf3817ed19556fd97db9b2449deb0182569980dcd01
  languageName: node
  linkType: hard

"@aws-sdk/credential-provider-ini@npm:^3.972.38, @aws-sdk/credential-provider-ini@npm:^3.972.9":
  version: 3.972.38
  resolution: "@aws-sdk/credential-provider-ini@npm:3.972.38"
  dependencies:
    "@aws-sdk/core": "npm:^3.974.8"
    "@aws-sdk/credential-provider-env": "npm:^3.972.34"
    "@aws-sdk/credential-provider-http": "npm:^3.972.36"
    "@aws-sdk/credential-provider-login": "npm:^3.972.38"
    "@aws-sdk/credential-provider-process": "npm:^3.972.34"
    "@aws-sdk/credential-provider-sso": "npm:^3.972.38"
    "@aws-sdk/credential-provider-web-identity": "npm:^3.972.38"
    "@aws-sdk/nested-clients": "npm:^3.997.6"
    "@aws-sdk/types": "npm:^3.973.8"
    "@smithy/credential-provider-imds": "npm:^4.2.14"
    "@smithy/property-provider": "npm:^4.2.14"
    "@smithy/shared-ini-file-loader": "npm:^4.4.9"
    "@smithy/types": "npm:^4.14.1"
    tslib: "npm:^2.6.2"
  checksum: 10c0/198c7e3f88f525f814f599f6a1bc3a63c84ed046140017786f23de255adcb5c90f0bbcf9ec167c8c6771d63270f7ed9ac061713884ecddebc01da74be88ee6ea
  languageName: node
  linkType: hard

"@aws-sdk/credential-provider-login@npm:^3.972.38, @aws-sdk/credential-provider-login@npm:^3.972.9":
  version: 3.972.38
  resolution: "@aws-sdk/credential-provider-login@npm:3.972.38"
  dependencies:
    "@aws-sdk/core": "npm:^3.974.8"
    "@aws-sdk/nested-clients": "npm:^3.997.6"
    "@aws-sdk/types": "npm:^3.973.8"
    "@smithy/property-provider": "npm:^4.2.14"
    "@smithy/protocol-http": "npm:^5.3.14"
    "@smithy/shared-ini-file-loader": "npm:^4.4.9"
    "@smithy/types": "npm:^4.14.1"
    tslib: "npm:^2.6.2"
  checksum: 10c0/f84ab04b8fec3355dce3d2a0f9bd63e79ef04915f019f2b6731a267e853f7cfb066baf67a22c955e58aa86f5b6eded6acdfdfd67532cc923edeefb8e88f46d63
  languageName: node
  linkType: hard

"@aws-sdk/credential-provider-node@npm:^3.972.10":
  version: 3.972.39
  resolution: "@aws-sdk/credential-provider-node@npm:3.972.39"
  dependencies:
    "@aws-sdk/credential-provider-env": "npm:^3.972.34"
    "@aws-sdk/credential-provider-http": "npm:^3.972.36"
    "@aws-sdk/credential-provider-ini": "npm:^3.972.38"
    "@aws-sdk/credential-provider-process": "npm:^3.972.34"
    "@aws-sdk/credential-provider-sso": "npm:^3.972.38"
    "@aws-sdk/credential-provider-web-identity": "npm:^3.972.38"
    "@aws-sdk/types": "npm:^3.973.8"
    "@smithy/credential-provider-imds": "npm:^4.2.14"
    "@smithy/property-provider": "npm:^4.2.14"
    "@smithy/shared-ini-file-loader": "npm:^4.4.9"
    "@smithy/types": "npm:^4.14.1"
    tslib: "npm:^2.6.2"
  checksum: 10c0/e21808419372f95c842ed6f893d15599565a1fa9dffed81256a374f98ef3a3c276ab4be30fbaac963e5c4761b676fe10482f5a6b1fb2b03273b18e9ecd30c12d
  languageName: node
  linkType: hard

"@aws-sdk/credential-provider-process@npm:^3.972.34, @aws-sdk/credential-provider-process@npm:^3.972.9":
  version: 3.972.34
  resolution: "@aws-sdk/credential-provider-process@npm:3.972.34"
  dependencies:
    "@aws-sdk/core": "npm:^3.974.8"
    "@aws-sdk/types": "npm:^3.973.8"
    "@smithy/property-provider": "npm:^4.2.14"
    "@smithy/shared-ini-file-loader": "npm:^4.4.9"
    "@smithy/types": "npm:^4.14.1"
    tslib: "npm:^2.6.2"
  checksum: 10c0/f65dbaaa40a81ba8e84d314e8ac0528f6d807b63b98820102ffccb38f47b1aa52f0c6dd4d7e4e8df186cef9cd57041e1d2d929c0e692804a8af0d06497f38a6a
  languageName: node
  linkType: hard

"@aws-sdk/credential-provider-sso@npm:^3.972.38, @aws-sdk/credential-provider-sso@npm:^3.972.9":
  version: 3.972.38
  resolution: "@aws-sdk/credential-provider-sso@npm:3.972.38"
  dependencies:
    "@aws-sdk/core": "npm:^3.974.8"
    "@aws-sdk/nested-clients": "npm:^3.997.6"
    "@aws-sdk/token-providers": "npm:3.1041.0"
    "@aws-sdk/types": "npm:^3.973.8"
    "@smithy/property-provider": "npm:^4.2.14"
    "@smithy/shared-ini-file-loader": "npm:^4.4.9"
    "@smithy/types": "npm:^4.14.1"
    tslib: "npm:^2.6.2"
  checksum: 10c0/4919362e1b8f6b73b8ec8ed0e0cc8f7a33db9b0d3ef63346a03047a024910d1acc6d80428a51444f6f15d58534dd535bc461b8505dd8f1cd6dc4fd8f863f956d
  languageName: node
  linkType: hard

"@aws-sdk/credential-provider-web-identity@npm:^3.972.38, @aws-sdk/credential-provider-web-identity@npm:^3.972.9":
  version: 3.972.38
  resolution: "@aws-sdk/credential-provider-web-identity@npm:3.972.38"
  dependencies:
    "@aws-sdk/core": "npm:^3.974.8"
    "@aws-sdk/nested-clients": "npm:^3.997.6"
    "@aws-sdk/types": "npm:^3.973.8"
    "@smithy/property-provider": "npm:^4.2.14"
    "@smithy/shared-ini-file-loader": "npm:^4.4.9"
    "@smithy/types": "npm:^4.14.1"
    tslib: "npm:^2.6.2"
  checksum: 10c0/7a235d693dae5578c15448c8484d68ca7749ffd327b4e3784e3a1c6784a14535b398cc09c6be26e97042779acc261adedc7064681b930d93ebcda26da17c1f72
  languageName: node
  linkType: hard

"@aws-sdk/credential-providers@npm:3.993.0":
  version: 3.993.0
  resolution: "@aws-sdk/credential-providers@npm:3.993.0"
  dependencies:
    "@aws-sdk/client-cognito-identity": "npm:3.993.0"
    "@aws-sdk/core": "npm:^3.973.11"
    "@aws-sdk/credential-provider-cognito-identity": "npm:^3.972.3"
    "@aws-sdk/credential-provider-env": "npm:^3.972.9"
    "@aws-sdk/credential-provider-http": "npm:^3.972.11"
    "@aws-sdk/credential-provider-ini": "npm:^3.972.9"
    "@aws-sdk/credential-provider-login": "npm:^3.972.9"
    "@aws-sdk/credential-provider-node": "npm:^3.972.10"
    "@aws-sdk/credential-provider-process": "npm:^3.972.9"
    "@aws-sdk/credential-provider-sso": "npm:^3.972.9"
    "@aws-sdk/credential-provider-web-identity": "npm:^3.972.9"
    "@aws-sdk/nested-clients": "npm:3.993.0"
    "@aws-sdk/types": "npm:^3.973.1"
    "@smithy/config-resolver": "npm:^4.4.6"
    "@smithy/core": "npm:^3.23.2"
    "@smithy/credential-provider-imds": "npm:^4.2.8"
    "@smithy/node-config-provider": "npm:^4.3.8"
    "@smithy/property-provider": "npm:^4.2.8"
    "@smithy/types": "npm:^4.12.0"
    tslib: "npm:^2.6.2"
  checksum: 10c0/c48f08a57c430d73fb652ecf43ef92e5194f98948103f6d25f399386af0f8f1d2dd3f759d4733c28131738ba2325572320fd6b7babfcc8bd54b2644948a27b69
  languageName: node
  linkType: hard

"@aws-sdk/middleware-host-header@npm:^3.972.10, @aws-sdk/middleware-host-header@npm:^3.972.3":
  version: 3.972.10
  resolution: "@aws-sdk/middleware-host-header@npm:3.972.10"
  dependencies:
    "@aws-sdk/types": "npm:^3.973.8"
    "@smithy/protocol-http": "npm:^5.3.14"
    "@smithy/types": "npm:^4.14.1"
    tslib: "npm:^2.6.2"
  checksum: 10c0/e631b48f8d8fd40f8977da8d1fc012208f953000dd5645dc0a700c7283af8fafb996c9c1c50e40b8392c402ad98d11e0ddddb949896db5163a7f06e2385e619a
  languageName: node
  linkType: hard

"@aws-sdk/middleware-logger@npm:^3.972.10, @aws-sdk/middleware-logger@npm:^3.972.3":
  version: 3.972.10
  resolution: "@aws-sdk/middleware-logger@npm:3.972.10"
  dependencies:
    "@aws-sdk/types": "npm:^3.973.8"
    "@smithy/types": "npm:^4.14.1"
    tslib: "npm:^2.6.2"
  checksum: 10c0/a24e0c98b3cf6c9b7960bf8979d2ab8f839fb89294ba8943136d99dbe7370cc45b010460ed7f5bf14ab6ad8e113ccec6387cf1bda655bcbdb58722df21d9b713
  languageName: node
  linkType: hard

"@aws-sdk/middleware-recursion-detection@npm:^3.972.11, @aws-sdk/middleware-recursion-detection@npm:^3.972.3":
  version: 3.972.11
  resolution: "@aws-sdk/middleware-recursion-detection@npm:3.972.11"
  dependencies:
    "@aws-sdk/types": "npm:^3.973.8"
    "@aws/lambda-invoke-store": "npm:^0.2.2"
    "@smithy/protocol-http": "npm:^5.3.14"
    "@smithy/types": "npm:^4.14.1"
    tslib: "npm:^2.6.2"
  checksum: 10c0/e52501b00e79e714218897ddec9edd40ecf33fdb43c19b00195c8ed71c8295d0d148f07465465d464f103a23aa535dc1daf60bbb5b95303e330767a5eba78f54
  languageName: node
  linkType: hard

"@aws-sdk/middleware-sdk-s3@npm:^3.972.37":
  version: 3.972.37
  resolution: "@aws-sdk/middleware-sdk-s3@npm:3.972.37"
  dependencies:
    "@aws-sdk/core": "npm:^3.974.8"
    "@aws-sdk/types": "npm:^3.973.8"
    "@aws-sdk/util-arn-parser": "npm:^3.972.3"
    "@smithy/core": "npm:^3.23.17"
    "@smithy/node-config-provider": "npm:^4.3.14"
    "@smithy/protocol-http": "npm:^5.3.14"
    "@smithy/signature-v4": "npm:^5.3.14"
    "@smithy/smithy-client": "npm:^4.12.13"
    "@smithy/types": "npm:^4.14.1"
    "@smithy/util-config-provider": "npm:^4.2.2"
    "@smithy/util-middleware": "npm:^4.2.14"
    "@smithy/util-stream": "npm:^4.5.25"
    "@smithy/util-utf8": "npm:^4.2.2"
    tslib: "npm:^2.6.2"
  checksum: 10c0/c8d4ad6aa908eca70ef085ac2c55362229071caa9518ed538574cc4d317d9f1f4e2173d6b01259dd83f77356ad4b68656b5720a31b3effe01f7fe10aec265aed
  languageName: node
  linkType: hard

"@aws-sdk/middleware-user-agent@npm:^3.972.11, @aws-sdk/middleware-user-agent@npm:^3.972.38":
  version: 3.972.38
  resolution: "@aws-sdk/middleware-user-agent@npm:3.972.38"
  dependencies:
    "@aws-sdk/core": "npm:^3.974.8"
    "@aws-sdk/types": "npm:^3.973.8"
    "@aws-sdk/util-endpoints": "npm:^3.996.8"
    "@smithy/core": "npm:^3.23.17"
    "@smithy/protocol-http": "npm:^5.3.14"
    "@smithy/types": "npm:^4.14.1"
    "@smithy/util-retry": "npm:^4.3.6"
    tslib: "npm:^2.6.2"
  checksum: 10c0/b9cf9416bc276b4abf42513515de5ee45ee419255b5953c9e53b44010500fcc486de988351683ecae52bf00c6bb5819c67375261afe1375b8a2a44196a8b9884
  languageName: node
  linkType: hard

"@aws-sdk/nested-clients@npm:3.993.0":
  version: 3.993.0
  resolution: "@aws-sdk/nested-clients@npm:3.993.0"
  dependencies:
    "@aws-crypto/sha256-browser": "npm:5.2.0"
    "@aws-crypto/sha256-js": "npm:5.2.0"
    "@aws-sdk/core": "npm:^3.973.11"
    "@aws-sdk/middleware-host-header": "npm:^3.972.3"
    "@aws-sdk/middleware-logger": "npm:^3.972.3"
    "@aws-sdk/middleware-recursion-detection": "npm:^3.972.3"
    "@aws-sdk/middleware-user-agent": "npm:^3.972.11"
    "@aws-sdk/region-config-resolver": "npm:^3.972.3"
    "@aws-sdk/types": "npm:^3.973.1"
    "@aws-sdk/util-endpoints": "npm:3.993.0"
    "@aws-sdk/util-user-agent-browser": "npm:^3.972.3"
    "@aws-sdk/util-user-agent-node": "npm:^3.972.9"
    "@smithy/config-resolver": "npm:^4.4.6"
    "@smithy/core": "npm:^3.23.2"
    "@smithy/fetch-http-handler": "npm:^5.3.9"
    "@smithy/hash-node": "npm:^4.2.8"
    "@smithy/invalid-dependency": "npm:^4.2.8"
    "@smithy/middleware-content-length": "npm:^4.2.8"
    "@smithy/middleware-endpoint": "npm:^4.4.16"
    "@smithy/middleware-retry": "npm:^4.4.33"
    "@smithy/middleware-serde": "npm:^4.2.9"
    "@smithy/middleware-stack": "npm:^4.2.8"
    "@smithy/node-config-provider": "npm:^4.3.8"
    "@smithy/node-http-handler": "npm:^4.4.10"
    "@smithy/protocol-http": "npm:^5.3.8"
    "@smithy/smithy-client": "npm:^4.11.5"
    "@smithy/types": "npm:^4.12.0"
    "@smithy/url-parser": "npm:^4.2.8"
    "@smithy/util-base64": "npm:^4.3.0"
    "@smithy/util-body-length-browser": "npm:^4.2.0"
    "@smithy/util-body-length-node": "npm:^4.2.1"
    "@smithy/util-defaults-mode-browser": "npm:^4.3.32"
    "@smithy/util-defaults-mode-node": "npm:^4.2.35"
    "@smithy/util-endpoints": "npm:^3.2.8"
    "@smithy/util-middleware": "npm:^4.2.8"
    "@smithy/util-retry": "npm:^4.2.8"
    "@smithy/util-utf8": "npm:^4.2.0"
    tslib: "npm:^2.6.2"
  checksum: 10c0/d7f3a578b88d62346fb1ae436b2f61713d7b74bae6ff7a3d91bc67be90eb8d54fb5cec361e92d54341713d4e6f46b2610e0e7232967fe6c66e10977d9547c56b
  languageName: node
  linkType: hard

"@aws-sdk/nested-clients@npm:^3.997.6":
  version: 3.997.6
  resolution: "@aws-sdk/nested-clients@npm:3.997.6"
  dependencies:
    "@aws-crypto/sha256-browser": "npm:5.2.0"
    "@aws-crypto/sha256-js": "npm:5.2.0"
    "@aws-sdk/core": "npm:^3.974.8"
    "@aws-sdk/middleware-host-header": "npm:^3.972.10"
    "@aws-sdk/middleware-logger": "npm:^3.972.10"
    "@aws-sdk/middleware-recursion-detection": "npm:^3.972.11"
    "@aws-sdk/middleware-user-agent": "npm:^3.972.38"
    "@aws-sdk/region-config-resolver": "npm:^3.972.13"
    "@aws-sdk/signature-v4-multi-region": "npm:^3.996.25"
    "@aws-sdk/types": "npm:^3.973.8"
    "@aws-sdk/util-endpoints": "npm:^3.996.8"
    "@aws-sdk/util-user-agent-browser": "npm:^3.972.10"
    "@aws-sdk/util-user-agent-node": "npm:^3.973.24"
    "@smithy/config-resolver": "npm:^4.4.17"
    "@smithy/core": "npm:^3.23.17"
    "@smithy/fetch-http-handler": "npm:^5.3.17"
    "@smithy/hash-node": "npm:^4.2.14"
    "@smithy/invalid-dependency": "npm:^4.2.14"
    "@smithy/middleware-content-length": "npm:^4.2.14"
    "@smithy/middleware-endpoint": "npm:^4.4.32"
    "@smithy/middleware-retry": "npm:^4.5.7"
    "@smithy/middleware-serde": "npm:^4.2.20"
    "@smithy/middleware-stack": "npm:^4.2.14"
    "@smithy/node-config-provider": "npm:^4.3.14"
    "@smithy/node-http-handler": "npm:^4.6.1"
    "@smithy/protocol-http": "npm:^5.3.14"
    "@smithy/smithy-client": "npm:^4.12.13"
    "@smithy/types": "npm:^4.14.1"
    "@smithy/url-parser": "npm:^4.2.14"
    "@smithy/util-base64": "npm:^4.3.2"
    "@smithy/util-body-length-browser": "npm:^4.2.2"
    "@smithy/util-body-length-node": "npm:^4.2.3"
    "@smithy/util-defaults-mode-browser": "npm:^4.3.49"
    "@smithy/util-defaults-mode-node": "npm:^4.2.54"
    "@smithy/util-endpoints": "npm:^3.4.2"
    "@smithy/util-middleware": "npm:^4.2.14"
    "@smithy/util-retry": "npm:^4.3.6"
    "@smithy/util-utf8": "npm:^4.2.2"
    tslib: "npm:^2.6.2"
  checksum: 10c0/05c74c7362be74c723b64667763bd1e635c8d566456f70b64fa26546e7c605a49bf1bede7c2f5c293a0677b737093bbdc9b957a26124b9e1de5acf715dc57bb4
  languageName: node
  linkType: hard

"@aws-sdk/region-config-resolver@npm:^3.972.13, @aws-sdk/region-config-resolver@npm:^3.972.3":
  version: 3.972.13
  resolution: "@aws-sdk/region-config-resolver@npm:3.972.13"
  dependencies:
    "@aws-sdk/types": "npm:^3.973.8"
    "@smithy/config-resolver": "npm:^4.4.17"
    "@smithy/node-config-provider": "npm:^4.3.14"
    "@smithy/types": "npm:^4.14.1"
    tslib: "npm:^2.6.2"
  checksum: 10c0/8cc3e5433ccf9ec4efb6d12ccd924701cfd6fb018124c9e5106486da10402ea1b83b0855353dae5e0f31ad2c7b6d962ac832350a5cdbeda59a30231525fd1118
  languageName: node
  linkType: hard

"@aws-sdk/signature-v4-multi-region@npm:^3.996.25":
  version: 3.996.25
  resolution: "@aws-sdk/signature-v4-multi-region@npm:3.996.25"
  dependencies:
    "@aws-sdk/middleware-sdk-s3": "npm:^3.972.37"
    "@aws-sdk/types": "npm:^3.973.8"
    "@smithy/protocol-http": "npm:^5.3.14"
    "@smithy/signature-v4": "npm:^5.3.14"
    "@smithy/types": "npm:^4.14.1"
    tslib: "npm:^2.6.2"
  checksum: 10c0/05196c85d265e5e59df621c7844235a449a940ebc8264578c0f87d76b6fbb741650a5634433589b9223a05003198be214068eef7d6e50596196de0f1d1954b5d
  languageName: node
  linkType: hard

"@aws-sdk/token-providers@npm:3.1041.0":
  version: 3.1041.0
  resolution: "@aws-sdk/token-providers@npm:3.1041.0"
  dependencies:
    "@aws-sdk/core": "npm:^3.974.8"
    "@aws-sdk/nested-clients": "npm:^3.997.6"
    "@aws-sdk/types": "npm:^3.973.8"
    "@smithy/property-provider": "npm:^4.2.14"
    "@smithy/shared-ini-file-loader": "npm:^4.4.9"
    "@smithy/types": "npm:^4.14.1"
    tslib: "npm:^2.6.2"
  checksum: 10c0/af70f8e23a98a750dcb661b43bbd896e4a2425f553336c491b118a058e46691689ac4fa980f69d2dae42d1488f3b859adbd2f347d73ac1261f44b421d2041101
  languageName: node
  linkType: hard

"@aws-sdk/types@npm:^3.222.0, @aws-sdk/types@npm:^3.973.1, @aws-sdk/types@npm:^3.973.8":
  version: 3.973.8
  resolution: "@aws-sdk/types@npm:3.973.8"
  dependencies:
    "@smithy/types": "npm:^4.14.1"
    tslib: "npm:^2.6.2"
  checksum: 10c0/4823579e7dd0f6dcce9e9fea9630091eb46e3596bc468614a072f682b1eab6f048854ccf5e9398459ada175c13dfc636ffa8c1d3aa655cf6f22447f9c1a02f7f
  languageName: node
  linkType: hard

"@aws-sdk/util-arn-parser@npm:^3.972.3":
  version: 3.972.3
  resolution: "@aws-sdk/util-arn-parser@npm:3.972.3"
  dependencies:
    tslib: "npm:^2.6.2"
  checksum: 10c0/75c94dcd5d99a60375ce3474b0ee4f1ca17abdcd46ffbf34ce9d2e15238d77903c8993dddd46f1f328a7989c5aaec0c7dfef8b3eaa3e1125bea777399cfc46f2
  languageName: node
  linkType: hard

"@aws-sdk/util-endpoints@npm:3.993.0":
  version: 3.993.0
  resolution: "@aws-sdk/util-endpoints@npm:3.993.0"
  dependencies:
    "@aws-sdk/types": "npm:^3.973.1"
    "@smithy/types": "npm:^4.12.0"
    "@smithy/url-parser": "npm:^4.2.8"
    "@smithy/util-endpoints": "npm:^3.2.8"
    tslib: "npm:^2.6.2"
  checksum: 10c0/b6186a1adc42f6947b5d070698cabcd2e69abb133f186ea90b0c97534582cccb42f2eabe38bc2158cbc2189b409a1c4bd6ad9516f56ba61d4efcd1e0c1b9c575
  languageName: node
  linkType: hard

"@aws-sdk/util-endpoints@npm:^3.996.8":
  version: 3.996.8
  resolution: "@aws-sdk/util-endpoints@npm:3.996.8"
  dependencies:
    "@aws-sdk/types": "npm:^3.973.8"
    "@smithy/types": "npm:^4.14.1"
    "@smithy/url-parser": "npm:^4.2.14"
    "@smithy/util-endpoints": "npm:^3.4.2"
    tslib: "npm:^2.6.2"
  checksum: 10c0/66f17e85357ab8e265ab7d1c9a69a064ad3bea99420c786be9ef1f92bc71dca22d328bbceeaf6c64b4a3c37161b78318a3e4a424bf247dcb211d7ae29344db2f
  languageName: node
  linkType: hard

"@aws-sdk/util-locate-window@npm:^3.0.0":
  version: 3.965.5
  resolution: "@aws-sdk/util-locate-window@npm:3.965.5"
  dependencies:
    tslib: "npm:^2.6.2"
  checksum: 10c0/f5e33a4d7cbfd832ce4bf35b0e532bcabb4084e9b17d45903bccd43f0e221366a423b6acdea8c705ec66b9776f1e624fd640ad716f7446d014e698249d091e83
  languageName: node
  linkType: hard

"@aws-sdk/util-user-agent-browser@npm:^3.972.10, @aws-sdk/util-user-agent-browser@npm:^3.972.3":
  version: 3.972.10
  resolution: "@aws-sdk/util-user-agent-browser@npm:3.972.10"
  dependencies:
    "@aws-sdk/types": "npm:^3.973.8"
    "@smithy/types": "npm:^4.14.1"
    bowser: "npm:^2.11.0"
    tslib: "npm:^2.6.2"
  checksum: 10c0/e139dda2cb51a0a3553c80ec6f89c39cb1292876c116f8449f21a7fdbe39bd7b545ef8ea69a447dd9fa2aa43c99f625ee6a55cbf6d8e6cf2094d0ef00ceb1e36
  languageName: node
  linkType: hard

"@aws-sdk/util-user-agent-node@npm:^3.972.9, @aws-sdk/util-user-agent-node@npm:^3.973.24":
  version: 3.973.24
  resolution: "@aws-sdk/util-user-agent-node@npm:3.973.24"
  dependencies:
    "@aws-sdk/middleware-user-agent": "npm:^3.972.38"
    "@aws-sdk/types": "npm:^3.973.8"
    "@smithy/node-config-provider": "npm:^4.3.14"
    "@smithy/types": "npm:^4.14.1"
    "@smithy/util-config-provider": "npm:^4.2.2"
    tslib: "npm:^2.6.2"
  peerDependencies:
    aws-crt: ">=1.0.0"
  peerDependenciesMeta:
    aws-crt:
      optional: true
  checksum: 10c0/859c6441d1d24594d73a125c2a335faeb412a5cc3ab318005ce2e4904c3f9a0c6781437ae0fb2e3a1eb2343146dafbb9ac037ea88fbd8e78d50f7153732c5bb4
  languageName: node
  linkType: hard

"@aws-sdk/xml-builder@npm:^3.972.22":
  version: 3.972.22
  resolution: "@aws-sdk/xml-builder@npm:3.972.22"
  dependencies:
    "@nodable/entities": "npm:2.1.0"
    "@smithy/types": "npm:^4.14.1"
    fast-xml-parser: "npm:5.7.2"
    tslib: "npm:^2.6.2"
  checksum: 10c0/4d9a7056a8ce6af639a9fa354f70a5a895b2e23c06c027776849d32ba18aa0d7f174133f1bc15756b79ac2bfdb9d990f092fb76a3891a7d1f6b03a424a8a6735
  languageName: node
  linkType: hard

"@aws/lambda-invoke-store@npm:^0.2.2":
  version: 0.2.4
  resolution: "@aws/lambda-invoke-store@npm:0.2.4"
  checksum: 10c0/29d874d7c1a2d971e0c02980594204f89cda718f215f2fc52b6c56eacbdad1fa5f6ce1b358e5811f5cd35d04c76299a67a8aff95318446af2bdfb4910f213e13
  languageName: node
  linkType: hard

"@infisical/sdk@npm:^5.0.2":
  version: 5.0.2
  resolution: "@infisical/sdk@npm:5.0.2"
  dependencies:
    "@aws-crypto/sha256-js": "npm:^5.2.0"
    "@aws-sdk/credential-providers": "npm:3.993.0"
    "@smithy/protocol-http": "npm:^5.3.8"
    "@smithy/signature-v4": "npm:^5.3.8"
    typescript: "npm:^5.5.4"
    zod: "npm:^3.23.8"
  checksum: 10c0/d3d48a6bf4cddb202cf8b3f6933d8e841e708efbdb529c7bf49cea1b6a8ec69687f4a80f0d9692dff5c390659771b3a064ce8798d6d938d4c7cb9f2edeffa89f
  languageName: node
  linkType: hard

"@nodable/entities@npm:2.1.0, @nodable/entities@npm:^2.1.0":
  version: 2.1.0
  resolution: "@nodable/entities@npm:2.1.0"
  checksum: 10c0/5a4cba2b61a5b6c726328b18b1de6d033cae4a658a118644bf31e0bcbda126ea7b69385043dc556cf1ed859b9ca220e82b81b5e5c48ef1b519fb8ec104575dee
  languageName: node
  linkType: hard

"@smithy/config-resolver@npm:^4.4.17, @smithy/config-resolver@npm:^4.4.6":
  version: 4.4.17
  resolution: "@smithy/config-resolver@npm:4.4.17"
  dependencies:
    "@smithy/node-config-provider": "npm:^4.3.14"
    "@smithy/types": "npm:^4.14.1"
    "@smithy/util-config-provider": "npm:^4.2.2"
    "@smithy/util-endpoints": "npm:^3.4.2"
    "@smithy/util-middleware": "npm:^4.2.14"
    tslib: "npm:^2.6.2"
  checksum: 10c0/44e653e2ed31bf765f0b30ca404dc3e02f30ad800971f812a6363b71da8d37de5d7d8901d9db4d86d2493f25037904f35c01bbb1a83a2a72e7e7b201ce5c411a
  languageName: node
  linkType: hard

"@smithy/core@npm:^3.23.17, @smithy/core@npm:^3.23.2":
  version: 3.23.17
  resolution: "@smithy/core@npm:3.23.17"
  dependencies:
    "@smithy/protocol-http": "npm:^5.3.14"
    "@smithy/types": "npm:^4.14.1"
    "@smithy/url-parser": "npm:^4.2.14"
    "@smithy/util-base64": "npm:^4.3.2"
    "@smithy/util-body-length-browser": "npm:^4.2.2"
    "@smithy/util-middleware": "npm:^4.2.14"
    "@smithy/util-stream": "npm:^4.5.25"
    "@smithy/util-utf8": "npm:^4.2.2"
    "@smithy/uuid": "npm:^1.1.2"
    tslib: "npm:^2.6.2"
  checksum: 10c0/223631835e93c314a8fa394db724673c0940d3ba9e5ffbd73bd7c09854d7e003d19de950b44ce408e099c72ed3c22eb5e41370abea4ac656f7037e6da07be3c1
  languageName: node
  linkType: hard

"@smithy/credential-provider-imds@npm:^4.2.14, @smithy/credential-provider-imds@npm:^4.2.8":
  version: 4.2.14
  resolution: "@smithy/credential-provider-imds@npm:4.2.14"
  dependencies:
    "@smithy/node-config-provider": "npm:^4.3.14"
    "@smithy/property-provider": "npm:^4.2.14"
    "@smithy/types": "npm:^4.14.1"
    "@smithy/url-parser": "npm:^4.2.14"
    tslib: "npm:^2.6.2"
  checksum: 10c0/62ced0249cb1ba64c6dd98a90b35b93dd9e3f1469d020752c46b5a83ecef38280f4b29c2f63e3b0c414a2fa2ec7631a19370415c80ed4d6ea18a9be040803126
  languageName: node
  linkType: hard

"@smithy/fetch-http-handler@npm:^5.3.17, @smithy/fetch-http-handler@npm:^5.3.9":
  version: 5.3.17
  resolution: "@smithy/fetch-http-handler@npm:5.3.17"
  dependencies:
    "@smithy/protocol-http": "npm:^5.3.14"
    "@smithy/querystring-builder": "npm:^4.2.14"
    "@smithy/types": "npm:^4.14.1"
    "@smithy/util-base64": "npm:^4.3.2"
    tslib: "npm:^2.6.2"
  checksum: 10c0/8adac6bf9d5735f8ddbe9e59dd268f985881b64b03cba7e83401471b3094139189476324fe640bbd19d75f5cd8e098d9a2a7f4925bc9fadecd1ccbe937773c12
  languageName: node
  linkType: hard

"@smithy/hash-node@npm:^4.2.14, @smithy/hash-node@npm:^4.2.8":
  version: 4.2.14
  resolution: "@smithy/hash-node@npm:4.2.14"
  dependencies:
    "@smithy/types": "npm:^4.14.1"
    "@smithy/util-buffer-from": "npm:^4.2.2"
    "@smithy/util-utf8": "npm:^4.2.2"
    tslib: "npm:^2.6.2"
  checksum: 10c0/c2cfc5dac4f2b996c4c5c503d3c26e52fcd0a647e71541182b24a48925801659828c9d378dad6857444b9d997c1655bdb23f6db5994ad8b7c814b2d0a09655b7
  languageName: node
  linkType: hard

"@smithy/invalid-dependency@npm:^4.2.14, @smithy/invalid-dependency@npm:^4.2.8":
  version: 4.2.14
  resolution: "@smithy/invalid-dependency@npm:4.2.14"
  dependencies:
    "@smithy/types": "npm:^4.14.1"
    tslib: "npm:^2.6.2"
  checksum: 10c0/deba2c21232050de87e7893b86a27a8f080ace391a3cccf22d7aee183bc3b392247f3bb1a0e4f0b6ea6f928c18ba035fd2ed3af257178ba84f3564d47c635d16
  languageName: node
  linkType: hard

"@smithy/is-array-buffer@npm:^2.2.0":
  version: 2.2.0
  resolution: "@smithy/is-array-buffer@npm:2.2.0"
  dependencies:
    tslib: "npm:^2.6.2"
  checksum: 10c0/2f2523cd8cc4538131e408eb31664983fecb0c8724956788b015aaf3ab85a0c976b50f4f09b176f1ed7bbe79f3edf80743be7a80a11f22cd9ce1285d77161aaf
  languageName: node
  linkType: hard

"@smithy/is-array-buffer@npm:^4.2.2":
  version: 4.2.2
  resolution: "@smithy/is-array-buffer@npm:4.2.2"
  dependencies:
    tslib: "npm:^2.6.2"
  checksum: 10c0/ab5bf2cad0f3bc6c1d882e15de436b80fa1504739ab9facc3d7006003870855480a6b15367e516fd803b3859c298b1fcc9212c854374b7e756cda01180bab0a6
  languageName: node
  linkType: hard

"@smithy/middleware-content-length@npm:^4.2.14, @smithy/middleware-content-length@npm:^4.2.8":
  version: 4.2.14
  resolution: "@smithy/middleware-content-length@npm:4.2.14"
  dependencies:
    "@smithy/protocol-http": "npm:^5.3.14"
    "@smithy/types": "npm:^4.14.1"
    tslib: "npm:^2.6.2"
  checksum: 10c0/c26cc36504ad9a720e42f009bcc185b16e35ff64644bbec710a998c071d3366face29bb6fa68744adc7312356803666922459e416f3a7ae5c804841957832c3d
  languageName: node
  linkType: hard

"@smithy/middleware-endpoint@npm:^4.4.16, @smithy/middleware-endpoint@npm:^4.4.32":
  version: 4.4.32
  resolution: "@smithy/middleware-endpoint@npm:4.4.32"
  dependencies:
    "@smithy/core": "npm:^3.23.17"
    "@smithy/middleware-serde": "npm:^4.2.20"
    "@smithy/node-config-provider": "npm:^4.3.14"
    "@smithy/shared-ini-file-loader": "npm:^4.4.9"
    "@smithy/types": "npm:^4.14.1"
    "@smithy/url-parser": "npm:^4.2.14"
    "@smithy/util-middleware": "npm:^4.2.14"
    tslib: "npm:^2.6.2"
  checksum: 10c0/a77ba3f56956b872a533754c71f75d2a9d6df9af8d58a059d07caedd1af3ffdcae5b667a0b96b6d067555a777510f6fc5847f699a2dd705e9b5837d21510daa4
  languageName: node
  linkType: hard

"@smithy/middleware-retry@npm:^4.4.33, @smithy/middleware-retry@npm:^4.5.7":
  version: 4.5.7
  resolution: "@smithy/middleware-retry@npm:4.5.7"
  dependencies:
    "@smithy/core": "npm:^3.23.17"
    "@smithy/node-config-provider": "npm:^4.3.14"
    "@smithy/protocol-http": "npm:^5.3.14"
    "@smithy/service-error-classification": "npm:^4.3.1"
    "@smithy/smithy-client": "npm:^4.12.13"
    "@smithy/types": "npm:^4.14.1"
    "@smithy/util-middleware": "npm:^4.2.14"
    "@smithy/util-retry": "npm:^4.3.6"
    "@smithy/uuid": "npm:^1.1.2"
    tslib: "npm:^2.6.2"
  checksum: 10c0/44ba622d961f83935aa13210fc92edfbf017f655ad4f4fb2024f7e880a70867d547b358be2089966689ed92c5deedcdf4723177c015babaf332ba3b55a40fe9b
  languageName: node
  linkType: hard

"@smithy/middleware-serde@npm:^4.2.20, @smithy/middleware-serde@npm:^4.2.9":
  version: 4.2.20
  resolution: "@smithy/middleware-serde@npm:4.2.20"
  dependencies:
    "@smithy/core": "npm:^3.23.17"
    "@smithy/protocol-http": "npm:^5.3.14"
    "@smithy/types": "npm:^4.14.1"
    tslib: "npm:^2.6.2"
  checksum: 10c0/2db736d58c0d628a33febad86259eedd6d025135fc403458e4469a077a6adbb909587408acb62c982fa1b2d8b1376507da90661a4315a544c7d73a62179a3453
  languageName: node
  linkType: hard

"@smithy/middleware-stack@npm:^4.2.14, @smithy/middleware-stack@npm:^4.2.8":
  version: 4.2.14
  resolution: "@smithy/middleware-stack@npm:4.2.14"
  dependencies:
    "@smithy/types": "npm:^4.14.1"
    tslib: "npm:^2.6.2"
  checksum: 10c0/5a0323c50b399c4a2ff0d91b219c7c285b006f905f66b291b6013a4e94f14c036ff5a74c565989afc3c6f0fafc6c266bca6746b79e242403713b7d18dc266a92
  languageName: node
  linkType: hard

"@smithy/node-config-provider@npm:^4.3.14, @smithy/node-config-provider@npm:^4.3.8":
  version: 4.3.14
  resolution: "@smithy/node-config-provider@npm:4.3.14"
  dependencies:
    "@smithy/property-provider": "npm:^4.2.14"
    "@smithy/shared-ini-file-loader": "npm:^4.4.9"
    "@smithy/types": "npm:^4.14.1"
    tslib: "npm:^2.6.2"
  checksum: 10c0/59033a2fde5327d9ae1a0304a0eb2c3145141024cb4dcb58c5cd3c48371cd3a55d7228a3d2f33a5785b2d6a0a35475cbd0d1b2435d964c824683ac89a664e926
  languageName: node
  linkType: hard

"@smithy/node-http-handler@npm:^4.4.10, @smithy/node-http-handler@npm:^4.6.1":
  version: 4.6.1
  resolution: "@smithy/node-http-handler@npm:4.6.1"
  dependencies:
    "@smithy/protocol-http": "npm:^5.3.14"
    "@smithy/querystring-builder": "npm:^4.2.14"
    "@smithy/types": "npm:^4.14.1"
    tslib: "npm:^2.6.2"
  checksum: 10c0/6c07fbfd8326cd5369283bd19c1af923ee49b7dcf42fdd199bb7132e4c25eaa6db8573e3b669fb60be0d8f9757a3f2482cd0cf6d6631494255f08239d3036ed2
  languageName: node
  linkType: hard

"@smithy/property-provider@npm:^4.2.14, @smithy/property-provider@npm:^4.2.8":
  version: 4.2.14
  resolution: "@smithy/property-provider@npm:4.2.14"
  dependencies:
    "@smithy/types": "npm:^4.14.1"
    tslib: "npm:^2.6.2"
  checksum: 10c0/8d3da90e228b53885d1e82f28b33c095b72f3b1cb5dcd7f7edcd96292d90848e9cdfed85cef00040e198343e850acef61540e4de24bd10b07fbc8e1e8f4a1fdd
  languageName: node
  linkType: hard

"@smithy/protocol-http@npm:^5.3.14, @smithy/protocol-http@npm:^5.3.8":
  version: 5.3.14
  resolution: "@smithy/protocol-http@npm:5.3.14"
  dependencies:
    "@smithy/types": "npm:^4.14.1"
    tslib: "npm:^2.6.2"
  checksum: 10c0/ed7306e7e4b919fdacf60d1928f003ac4c4679cffd7472b078547fbed7b6cb9ba524f105b1871c2cd79222871169d3183257fd0a1a81c172fa7cf0a9abaf35f9
  languageName: node
  linkType: hard

"@smithy/querystring-builder@npm:^4.2.14":
  version: 4.2.14
  resolution: "@smithy/querystring-builder@npm:4.2.14"
  dependencies:
    "@smithy/types": "npm:^4.14.1"
    "@smithy/util-uri-escape": "npm:^4.2.2"
    tslib: "npm:^2.6.2"
  checksum: 10c0/ae2ceec55b4f32b73fe2eca710563b9dbe65c81157ed58c12c282bad6445998f1fe99d723591f9bac4ae6106d84213b57e960176865fb2dec78fc3bdf024b14b
  languageName: node
  linkType: hard

"@smithy/querystring-parser@npm:^4.2.14":
  version: 4.2.14
  resolution: "@smithy/querystring-parser@npm:4.2.14"
  dependencies:
    "@smithy/types": "npm:^4.14.1"
    tslib: "npm:^2.6.2"
  checksum: 10c0/245923618197bbae5eb38b72807368f397fafccee8e98cd98ee7d8961a34acb57b5176fa5fe8083b796229043f135ea775060f17e14aa12080a5d7cdfbf56333
  languageName: node
  linkType: hard

"@smithy/service-error-classification@npm:^4.3.1":
  version: 4.3.1
  resolution: "@smithy/service-error-classification@npm:4.3.1"
  dependencies:
    "@smithy/types": "npm:^4.14.1"
  checksum: 10c0/1bc927f53693035165f4b15232c644be579cdd432cf2d3e026faa746d26693e6b1e0f35bcd5d812dd89445695fd1eb7188e415e2523d6d8991e8db900cecdf36
  languageName: node
  linkType: hard

"@smithy/shared-ini-file-loader@npm:^4.4.9":
  version: 4.4.9
  resolution: "@smithy/shared-ini-file-loader@npm:4.4.9"
  dependencies:
    "@smithy/types": "npm:^4.14.1"
    tslib: "npm:^2.6.2"
  checksum: 10c0/9bf96ea80cedff027373c5547ffa53b35d272292b7d142a86211726343061953a34610f3dbd02153bb285c7c0f3802c5a25b4e27870e8068d777abdcaa9c1748
  languageName: node
  linkType: hard

"@smithy/signature-v4@npm:^5.3.14, @smithy/signature-v4@npm:^5.3.8":
  version: 5.3.14
  resolution: "@smithy/signature-v4@npm:5.3.14"
  dependencies:
    "@smithy/is-array-buffer": "npm:^4.2.2"
    "@smithy/protocol-http": "npm:^5.3.14"
    "@smithy/types": "npm:^4.14.1"
    "@smithy/util-hex-encoding": "npm:^4.2.2"
    "@smithy/util-middleware": "npm:^4.2.14"
    "@smithy/util-uri-escape": "npm:^4.2.2"
    "@smithy/util-utf8": "npm:^4.2.2"
    tslib: "npm:^2.6.2"
  checksum: 10c0/ccc788992e281a681984e079b7194a219af40cf4f7087988eba69c4947264b9a83ac00a806164b9074c7e2f0697e492fa2b377b56b783316d247be02aaccbdb3
  languageName: node
  linkType: hard

"@smithy/smithy-client@npm:^4.11.5, @smithy/smithy-client@npm:^4.12.13":
  version: 4.12.13
  resolution: "@smithy/smithy-client@npm:4.12.13"
  dependencies:
    "@smithy/core": "npm:^3.23.17"
    "@smithy/middleware-endpoint": "npm:^4.4.32"
    "@smithy/middleware-stack": "npm:^4.2.14"
    "@smithy/protocol-http": "npm:^5.3.14"
    "@smithy/types": "npm:^4.14.1"
    "@smithy/util-stream": "npm:^4.5.25"
    tslib: "npm:^2.6.2"
  checksum: 10c0/0680d4d0720d110a637fabb8bdc85175e1471191925f5c55f08636f5327de1bc29c8db75318aac1396491fa83c8a319dd4cd26c5e9fff619207c9a96b9dbd9fe
  languageName: node
  linkType: hard

"@smithy/types@npm:^4.12.0, @smithy/types@npm:^4.14.1":
  version: 4.14.1
  resolution: "@smithy/types@npm:4.14.1"
  dependencies:
    tslib: "npm:^2.6.2"
  checksum: 10c0/9e6209770a25582a11ca67d4750865de0b7732bf3f353ba9260f49e9c4b2adf3274d64057a2bda93da7025e33a54e51bd78c529307efc2b75b429bc45a6ad64c
  languageName: node
  linkType: hard

"@smithy/url-parser@npm:^4.2.14, @smithy/url-parser@npm:^4.2.8":
  version: 4.2.14
  resolution: "@smithy/url-parser@npm:4.2.14"
  dependencies:
    "@smithy/querystring-parser": "npm:^4.2.14"
    "@smithy/types": "npm:^4.14.1"
    tslib: "npm:^2.6.2"
  checksum: 10c0/360463fe1fb51b8a1c5b80f4a16df993ee4e87221e60ce51c428b0737d6f1325434ec572bb7afca7d65bb9a09c750f307822a23e42be675706ee71fedd7c6c06
  languageName: node
  linkType: hard

"@smithy/util-base64@npm:^4.3.0, @smithy/util-base64@npm:^4.3.2":
  version: 4.3.2
  resolution: "@smithy/util-base64@npm:4.3.2"
  dependencies:
    "@smithy/util-buffer-from": "npm:^4.2.2"
    "@smithy/util-utf8": "npm:^4.2.2"
    tslib: "npm:^2.6.2"
  checksum: 10c0/acc08ff0b482ef4473289be655e0adc21c33555a837bbbc1cc7121d70e3ad595807bcaaec7456d92e93d83c2e8773729d42f78d716ac7d91552845b50cd87d89
  languageName: node
  linkType: hard

"@smithy/util-body-length-browser@npm:^4.2.0, @smithy/util-body-length-browser@npm:^4.2.2":
  version: 4.2.2
  resolution: "@smithy/util-body-length-browser@npm:4.2.2"
  dependencies:
    tslib: "npm:^2.6.2"
  checksum: 10c0/4444039b995068eeda3dd0b143eb22cf86c7ef7632a590559dad12b0e681a728a7d82f8ed4f4019cdc09a72e4b5f14281262b64db75514dbcc08d170d9e8f1db
  languageName: node
  linkType: hard

"@smithy/util-body-length-node@npm:^4.2.1, @smithy/util-body-length-node@npm:^4.2.3":
  version: 4.2.3
  resolution: "@smithy/util-body-length-node@npm:4.2.3"
  dependencies:
    tslib: "npm:^2.6.2"
  checksum: 10c0/5345d75e8c3e0a726ed6e2fe604dfe97b0bcc37e940b30b045e3e116fced9555d8a9fa684d9f898111773eeef548bcb5f0bb03ee67c206ee498064842d6173b5
  languageName: node
  linkType: hard

"@smithy/util-buffer-from@npm:^2.2.0":
  version: 2.2.0
  resolution: "@smithy/util-buffer-from@npm:2.2.0"
  dependencies:
    "@smithy/is-array-buffer": "npm:^2.2.0"
    tslib: "npm:^2.6.2"
  checksum: 10c0/223d6a508b52ff236eea01cddc062b7652d859dd01d457a4e50365af3de1e24a05f756e19433f6ccf1538544076b4215469e21a4ea83dc1d58d829725b0dbc5a
  languageName: node
  linkType: hard

"@smithy/util-buffer-from@npm:^4.2.2":
  version: 4.2.2
  resolution: "@smithy/util-buffer-from@npm:4.2.2"
  dependencies:
    "@smithy/is-array-buffer": "npm:^4.2.2"
    tslib: "npm:^2.6.2"
  checksum: 10c0/d9acea42ee035e494da0373de43a25fa14f81d11e3605a2c6c5f56efef9a4f901289ec2ba343ebb3ad32ae4e0cfe517e8b6b3449a4297d1c060889c83cd1c94f
  languageName: node
  linkType: hard

"@smithy/util-config-provider@npm:^4.2.2":
  version: 4.2.2
  resolution: "@smithy/util-config-provider@npm:4.2.2"
  dependencies:
    tslib: "npm:^2.6.2"
  checksum: 10c0/cfd3350607ec00b6294724033aa3e469f8d9d258a7a70772e67d80c301f2eae62b17850ea0c8d8a20208b3f4f1ea5aa0019f45545a6c0577a94a47a05c81d8e8
  languageName: node
  linkType: hard

"@smithy/util-defaults-mode-browser@npm:^4.3.32, @smithy/util-defaults-mode-browser@npm:^4.3.49":
  version: 4.3.49
  resolution: "@smithy/util-defaults-mode-browser@npm:4.3.49"
  dependencies:
    "@smithy/property-provider": "npm:^4.2.14"
    "@smithy/smithy-client": "npm:^4.12.13"
    "@smithy/types": "npm:^4.14.1"
    tslib: "npm:^2.6.2"
  checksum: 10c0/0979b09f1108aa41f5bf623e32fa138e129fbffe3adc23c46308afa310b925635428f9d7e36e3e2a312cafe9af325cb5f01667791ee672418d4f302c1961623b
  languageName: node
  linkType: hard

"@smithy/util-defaults-mode-node@npm:^4.2.35, @smithy/util-defaults-mode-node@npm:^4.2.54":
  version: 4.2.54
  resolution: "@smithy/util-defaults-mode-node@npm:4.2.54"
  dependencies:
    "@smithy/config-resolver": "npm:^4.4.17"
    "@smithy/credential-provider-imds": "npm:^4.2.14"
    "@smithy/node-config-provider": "npm:^4.3.14"
    "@smithy/property-provider": "npm:^4.2.14"
    "@smithy/smithy-client": "npm:^4.12.13"
    "@smithy/types": "npm:^4.14.1"
    tslib: "npm:^2.6.2"
  checksum: 10c0/7146087fa1d7758b37da456719d589f63300843ff5610891de02a0434c5abbd49fd257712c2d9e0bede904f4ec62c9d3c9eddcd6ec0372134f998e4f9c0bce09
  languageName: node
  linkType: hard

"@smithy/util-endpoints@npm:^3.2.8, @smithy/util-endpoints@npm:^3.4.2":
  version: 3.4.2
  resolution: "@smithy/util-endpoints@npm:3.4.2"
  dependencies:
    "@smithy/node-config-provider": "npm:^4.3.14"
    "@smithy/types": "npm:^4.14.1"
    tslib: "npm:^2.6.2"
  checksum: 10c0/602e05c8dc43d8902604bac74b717d09da5b4f1994dcdd5025bffeced6002eaa0612ae1ccbe7a0e636a3d92a60747715e22cbacf8feeb672394d15b6ae211b13
  languageName: node
  linkType: hard

"@smithy/util-hex-encoding@npm:^4.2.2":
  version: 4.2.2
  resolution: "@smithy/util-hex-encoding@npm:4.2.2"
  dependencies:
    tslib: "npm:^2.6.2"
  checksum: 10c0/b2f2bca85475cd599b998e169b7026db40edc2a0a338ad7988b9c94d9f313c5f7e08451aced4f8e62dbeaa54e15d1300d76c572b83ffa36f9f8ca22b6fc84bd7
  languageName: node
  linkType: hard

"@smithy/util-middleware@npm:^4.2.14, @smithy/util-middleware@npm:^4.2.8":
  version: 4.2.14
  resolution: "@smithy/util-middleware@npm:4.2.14"
  dependencies:
    "@smithy/types": "npm:^4.14.1"
    tslib: "npm:^2.6.2"
  checksum: 10c0/6ba5026b70ad7b58fac89d7428c0b1679be2a97a8fb47811a39e0183901a3c6ca8732ee225ddfda28e7b86223d49983ff709421905da571bc00b82c660e4fc27
  languageName: node
  linkType: hard

"@smithy/util-retry@npm:^4.2.8, @smithy/util-retry@npm:^4.3.6":
  version: 4.3.8
  resolution: "@smithy/util-retry@npm:4.3.8"
  dependencies:
    "@smithy/service-error-classification": "npm:^4.3.1"
    "@smithy/types": "npm:^4.14.1"
    tslib: "npm:^2.6.2"
  checksum: 10c0/23432bb592baa2d9c89741d8e3603e0d6d2e7ca0764d4a7ab3eda8f5411540bb8b8fa7b8e959c8eb24cb496d9dc37c71e8e9130f92c9d34e3dc9335a893ae59e
  languageName: node
  linkType: hard

"@smithy/util-stream@npm:^4.5.25":
  version: 4.5.25
  resolution: "@smithy/util-stream@npm:4.5.25"
  dependencies:
    "@smithy/fetch-http-handler": "npm:^5.3.17"
    "@smithy/node-http-handler": "npm:^4.6.1"
    "@smithy/types": "npm:^4.14.1"
    "@smithy/util-base64": "npm:^4.3.2"
    "@smithy/util-buffer-from": "npm:^4.2.2"
    "@smithy/util-hex-encoding": "npm:^4.2.2"
    "@smithy/util-utf8": "npm:^4.2.2"
    tslib: "npm:^2.6.2"
  checksum: 10c0/4b222c975eca2018831f1ab4067f122f4ef5e68f3abb71776003309f1a27f67d509a2d86f5f1f81a91656236db0e29c38314c005b17dbf63f053de4d97be7b59
  languageName: node
  linkType: hard

"@smithy/util-uri-escape@npm:^4.2.2":
  version: 4.2.2
  resolution: "@smithy/util-uri-escape@npm:4.2.2"
  dependencies:
    tslib: "npm:^2.6.2"
  checksum: 10c0/33b6546086c975278d16b5029e6555df551b4bd1e3a84042544d1ef956a287fe033b317954b1737b2773e82b6f27ebde542956ff79ef0e8a813dc0dbf9d34a58
  languageName: node
  linkType: hard

"@smithy/util-utf8@npm:^2.0.0":
  version: 2.3.0
  resolution: "@smithy/util-utf8@npm:2.3.0"
  dependencies:
    "@smithy/util-buffer-from": "npm:^2.2.0"
    tslib: "npm:^2.6.2"
  checksum: 10c0/e18840c58cc507ca57fdd624302aefd13337ee982754c9aa688463ffcae598c08461e8620e9852a424d662ffa948fc64919e852508028d09e89ced459bd506ab
  languageName: node
  linkType: hard

"@smithy/util-utf8@npm:^4.2.0, @smithy/util-utf8@npm:^4.2.2":
  version: 4.2.2
  resolution: "@smithy/util-utf8@npm:4.2.2"
  dependencies:
    "@smithy/util-buffer-from": "npm:^4.2.2"
    tslib: "npm:^2.6.2"
  checksum: 10c0/55b5119873237519a9175491c74fd0a14acd4f9c54c7eec9ae547de6c554098912d46572edb12d5b52a0b9675c0577e2e63d1f7cb8e022ca342f5bf80b56a466
  languageName: node
  linkType: hard

"@smithy/uuid@npm:^1.1.2":
  version: 1.1.2
  resolution: "@smithy/uuid@npm:1.1.2"
  dependencies:
    tslib: "npm:^2.6.2"
  checksum: 10c0/cbedfe5e2c1ec5ee05ae0cd6cc3c9f6f5e600207362d62470278827488794e19148a05a61ee9b6a2359bb460985af1a528c48d54f365891fe1c4913504250667
  languageName: node
  linkType: hard

"bowser@npm:^2.11.0":
  version: 2.14.1
  resolution: "bowser@npm:2.14.1"
  checksum: 10c0/bb69b55ba7f0456e3dc07d0cfd9467f985581f640ba8fd426b08754a6737ee0d6cf3b50607941e5255f04c83075b952ece0599f978dd4d20f1e95461104c5ffd
  languageName: node
  linkType: hard

"dotenv@npm:^17.4.2":
  version: 17.4.2
  resolution: "dotenv@npm:17.4.2"
  checksum: 10c0/164f8e77a646c8446867d5b588d26ea6005c8ea7c5eb41cf926f6113d23f2191355f6e0cfd95ea9bab98394a5b0a3f1e51a8399711b666fe55cc7b0bd745f942
  languageName: node
  linkType: hard

"fast-xml-builder@npm:^1.1.5":
  version: 1.1.9
  resolution: "fast-xml-builder@npm:1.1.9"
  dependencies:
    path-expression-matcher: "npm:^1.1.3"
  checksum: 10c0/75253ccb2c6cc0fa66f69e1082493af3b15333c5c243f42092e8853649387e37899b148f47233c57af34e6252fe86b388de0e66c61fb4c4c137a417b56b712b0
  languageName: node
  linkType: hard

"fast-xml-parser@npm:5.7.2":
  version: 5.7.2
  resolution: "fast-xml-parser@npm:5.7.2"
  dependencies:
    "@nodable/entities": "npm:^2.1.0"
    fast-xml-builder: "npm:^1.1.5"
    path-expression-matcher: "npm:^1.5.0"
    strnum: "npm:^2.2.3"
  bin:
    fxparser: src/cli/cli.js
  checksum: 10c0/d48439ce0700add82f5e7c6ccc5a1f06483beb7cd8e88caa83c6406843e52f14988e60d05cbb3a86ffe07e073807674c807e0764d94a280e1c96d7e2011dae8e
  languageName: node
  linkType: hard

"infisicalLauncher@workspace:.":
  version: 0.0.0-use.local
  resolution: "infisicalLauncher@workspace:."
  dependencies:
    "@infisical/sdk": "npm:^5.0.2"
    dotenv: "npm:^17.4.2"
  bin:
    infisicalLauncher: ./index.js
  languageName: unknown
  linkType: soft

"path-expression-matcher@npm:^1.1.3, path-expression-matcher@npm:^1.5.0":
  version: 1.5.0
  resolution: "path-expression-matcher@npm:1.5.0"
  checksum: 10c0/646cb5bc66cd7d809a52288336f3ac1e6223f156fd8e912936e490e590f7f93e8056d4fd25fcbcc7da61bb698fa520112cb050372a3f65e7b79bd4afa0f77610
  languageName: node
  linkType: hard

"strnum@npm:^2.2.3":
  version: 2.2.3
  resolution: "strnum@npm:2.2.3"
  checksum: 10c0/1ee78101f1cd73a5b32f63cfd0be501bd246801a002f5987efef903a49e9297d1b63574e302ab3c06ee5e715c524d6cbdfef010e372ec1ea848e0179836cc208
  languageName: node
  linkType: hard

"tslib@npm:^2.6.2":
  version: 2.8.1
  resolution: "tslib@npm:2.8.1"
  checksum: 10c0/9c4759110a19c53f992d9aae23aac5ced636e99887b51b9e61def52611732872ff7668757d4e4c61f19691e36f4da981cd9485e869b4a7408d689f6bf1f14e62
  languageName: node
  linkType: hard

"typescript@npm:^5.5.4":
  version: 5.9.3
  resolution: "typescript@npm:5.9.3"
  bin:
    tsc: bin/tsc
    tsserver: bin/tsserver
  checksum: 10c0/6bd7552ce39f97e711db5aa048f6f9995b53f1c52f7d8667c1abdc1700c68a76a308f579cd309ce6b53646deb4e9a1be7c813a93baaf0a28ccd536a30270e1c5
  languageName: node
  linkType: hard

"typescript@patch:typescript@npm%3A^5.5.4#optional!builtin<compat/typescript>":
  version: 5.9.3
  resolution: "typescript@patch:typescript@npm%3A5.9.3#optional!builtin<compat/typescript>::version=5.9.3&hash=5786d5"
  bin:
    tsc: bin/tsc
    tsserver: bin/tsserver
  checksum: 10c0/ad09fdf7a756814dce65bc60c1657b40d44451346858eea230e10f2e95a289d9183b6e32e5c11e95acc0ccc214b4f36289dcad4bf1886b0adb84d711d336a430
  languageName: node
  linkType: hard

"zod@npm:^3.23.8":
  version: 3.25.76
  resolution: "zod@npm:3.25.76"
  checksum: 10c0/5718ec35e3c40b600316c5b4c5e4976f7fee68151bc8f8d90ec18a469be9571f072e1bbaace10f1e85cf8892ea12d90821b200e980ab46916a6166a4260a983c
  languageName: node
  linkType: hard
