# This file is generated by running "yarn install" inside your project.
# Manual changes might be lost - proceed with caution!

__metadata:
  version: 9
  cacheKey: 10c0

"@aws-crypto/crc32@npm:5.2.0":
  version: 5.2.0
  resolution: "@aws-crypto/crc32@npm:5.2.0"
  dependencies:
    "@aws-crypto/util": "npm:^5.2.0"
    "@aws-sdk/types": "npm:^3.222.0"
    tslib: "npm:^2.6.2"
  checksum: 10c0/eab9581d3363af5ea498ae0e72de792f54d8890360e14a9d8261b7b5c55ebe080279fb2556e07994d785341cdaa99ab0b1ccf137832b53b5904cd6928f2b094b
  languageName: node
  linkType: hard

"@aws-crypto/sha256-browser@npm:5.2.0":
  version: 5.2.0
  resolution: "@aws-crypto/sha256-browser@npm:5.2.0"
  dependencies:
    "@aws-crypto/sha256-js": "npm:^5.2.0"
    "@aws-crypto/supports-web-crypto": "npm:^5.2.0"
    "@aws-crypto/util": "npm:^5.2.0"
    "@aws-sdk/types": "npm:^3.222.0"
    "@aws-sdk/util-locate-window": "npm:^3.0.0"
    "@smithy/util-utf8": "npm:^2.0.0"
    tslib: "npm:^2.6.2"
  checksum: 10c0/05f6d256794df800fe9aef5f52f2ac7415f7f3117d461f85a6aecaa4e29e91527b6fd503681a17136fa89e9dd3d916e9c7e4cfb5eba222875cb6c077bdc1d00d
  languageName: node
  linkType: hard

"@aws-crypto/sha256-js@npm:5.2.0, @aws-crypto/sha256-js@npm:^5.2.0":
  version: 5.2.0
  resolution: "@aws-crypto/sha256-js@npm:5.2.0"
  dependencies:
    "@aws-crypto/util": "npm:^5.2.0"
    "@aws-sdk/types": "npm:^3.222.0"
    tslib: "npm:^2.6.2"
  checksum: 10c0/6c48701f8336341bb104dfde3d0050c89c288051f6b5e9bdfeb8091cf3ffc86efcd5c9e6ff2a4a134406b019c07aca9db608128f8d9267c952578a3108db9fd1
  languageName: node
  linkType: hard

"@aws-crypto/supports-web-crypto@npm:^5.2.0":
  version: 5.2.0
  resolution: "@aws-crypto/supports-web-crypto@npm:5.2.0"
  dependencies:
    tslib: "npm:^2.6.2"
  checksum: 10c0/4d2118e29d68ca3f5947f1e37ce1fbb3239a0c569cc938cdc8ab8390d595609b5caf51a07c9e0535105b17bf5c52ea256fed705a07e9681118120ab64ee73af2
  languageName: node
  linkType: hard

"@aws-crypto/util@npm:^5.2.0":
  version: 5.2.0
  resolution: "@aws-crypto/util@npm:5.2.0"
  dependencies:
    "@aws-sdk/types": "npm:^3.222.0"
    "@smithy/util-utf8": "npm:^2.0.0"
    tslib: "npm:^2.6.2"
  checksum: 10c0/0362d4c197b1fd64b423966945130207d1fe23e1bb2878a18e361f7743c8d339dad3f8729895a29aa34fff6a86c65f281cf5167c4bf253f21627ae80b6dd2951
  languageName: node
  linkType: hard

"@aws-sdk/client-cognito-identity@npm:3.993.0":
  version: 3.993.0
  resolution: "@aws-sdk/client-cognito-identity@npm:3.993.0"
  dependencies:
    "@aws-crypto/sha256-browser": "npm:5.2.0"
    "@aws-crypto/sha256-js": "npm:5.2.0"
    "@aws-sdk/core": "npm:^3.973.11"
    "@aws-sdk/credential-provider-node": "npm:^3.972.10"
    "@aws-sdk/middleware-host-header": "npm:^3.972.3"
    "@aws-sdk/middleware-logger": "npm:^3.972.3"
    "@aws-sdk/middleware-recursion-detection": "npm:^3.972.3"
    "@aws-sdk/middleware-user-agent": "npm:^3.972.11"
    "@aws-sdk/region-config-resolver": "npm:^3.972.3"
    "@aws-sdk/types": "npm:^3.973.1"
    "@aws-sdk/util-endpoints": "npm:3.993.0"
    "@aws-sdk/util-user-agent-browser": "npm:^3.972.3"
    "@aws-sdk/util-user-agent-node": "npm:^3.972.9"
    "@smithy/config-resolver": "npm:^4.4.6"
    "@smithy/core": "npm:^3.23.2"
    "@smithy/fetch-http-handler": "npm:^5.3.9"
    "@smithy/hash-node": "npm:^4.2.8"
    "@smithy/invalid-dependency": "npm:^4.2.8"
    "@smithy/middleware-content-length": "npm:^4.2.8"
    "@smithy/middleware-endpoint": "npm:^4.4.16"
    "@smithy/middleware-retry": "npm:^4.4.33"
    "@smithy/middleware-serde": "npm:^4.2.9"
    "@smithy/middleware-stack": "npm:^4.2.8"
    "@smithy/node-config-provider": "npm:^4.3.8"
    "@smithy/node-http-handler": "npm:^4.4.10"
    "@smithy/protocol-http": "npm:^5.3.8"
    "@smithy/smithy-client": "npm:^4.11.5"
    "@smithy/types": "npm:^4.12.0"
    "@smithy/url-parser": "npm:^4.2.8"
    "@smithy/util-base64": "npm:^4.3.0"
    "@smithy/util-body-length-browser": "npm:^4.2.0"
    "@smithy/util-body-length-node": "npm:^4.2.1"
    "@smithy/util-defaults-mode-browser": "npm:^4.3.32"
    "@smithy/util-defaults-mode-node": "npm:^4.2.35"
    "@smithy/util-endpoints": "npm:^3.2.8"
    "@smithy/util-middleware": "npm:^4.2.8"
    "@smithy/util-retry": "npm:^4.2.8"
    "@smithy/util-utf8": "npm:^4.2.0"
    tslib: "npm:^2.6.2"
  checksum: 10c0/5b0080ba8a87146b3ff2d5b4030722b0fc2051d2f2327c29f9d701d3501b0ff215337d683f31562a968d453efdba344f196ab5209f572c3dd5faf7d439976f7e
  languageName: node
  linkType: hard

"@aws-sdk/core@npm:^3.973.11, @aws-sdk/core@npm:^3.974.11":
  version: 3.974.11
  resolution: "@aws-sdk/core@npm:3.974.11"
  dependencies:
    "@aws-sdk/types": "npm:^3.973.8"
    "@aws-sdk/xml-builder": "npm:^3.972.24"
    "@aws/lambda-invoke-store": "npm:^0.2.2"
    "@smithy/core": "npm:^3.24.2"
    "@smithy/signature-v4": "npm:^5.4.2"
    "@smithy/types": "npm:^4.14.1"
    bowser: "npm:^2.11.0"
    tslib: "npm:^2.6.2"
  checksum: 10c0/a4697633c6d2d608881fea3d0bad8c2e01551d8a3ed5bca2d5fdb8171b235ba1d8dc033c4fd32164c0028496ef2d1e57c7009af1d2c54175ff27bb37afa17905
  languageName: node
  linkType: hard

"@aws-sdk/credential-provider-cognito-identity@npm:^3.972.3":
  version: 3.972.34
  resolution: "@aws-sdk/credential-provider-cognito-identity@npm:3.972.34"
  dependencies:
    "@aws-sdk/nested-clients": "npm:^3.997.9"
    "@aws-sdk/types": "npm:^3.973.8"
    "@smithy/core": "npm:^3.24.2"
    "@smithy/types": "npm:^4.14.1"
    tslib: "npm:^2.6.2"
  checksum: 10c0/708d4a27f87b927681704762bcffbfa1326e72b577b38f61111bc3ab64f9856c5cff55e62b535ade8444f16a910e5d90efa82d0a015d5176f35a1faccd0274b6
  languageName: node
  linkType: hard

"@aws-sdk/credential-provider-env@npm:^3.972.37, @aws-sdk/credential-provider-env@npm:^3.972.9":
  version: 3.972.37
  resolution: "@aws-sdk/credential-provider-env@npm:3.972.37"
  dependencies:
    "@aws-sdk/core": "npm:^3.974.11"
    "@aws-sdk/types": "npm:^3.973.8"
    "@smithy/core": "npm:^3.24.2"
    "@smithy/types": "npm:^4.14.1"
    tslib: "npm:^2.6.2"
  checksum: 10c0/0af93925573953746562b246544b06a77e6d813eb2228d54c0bb7a7f8738d52477906cdd709c60d7ee8667b4f0371dafa1353739a89e72d5d0c8ed7a0d5383d2
  languageName: node
  linkType: hard

"@aws-sdk/credential-provider-http@npm:^3.972.11, @aws-sdk/credential-provider-http@npm:^3.972.39":
  version: 3.972.39
  resolution: "@aws-sdk/credential-provider-http@npm:3.972.39"
  dependencies:
    "@aws-sdk/core": "npm:^3.974.11"
    "@aws-sdk/types": "npm:^3.973.8"
    "@smithy/core": "npm:^3.24.2"
    "@smithy/fetch-http-handler": "npm:^5.4.2"
    "@smithy/node-http-handler": "npm:^4.7.2"
    "@smithy/types": "npm:^4.14.1"
    tslib: "npm:^2.6.2"
  checksum: 10c0/0142b89473fec32164fd93b49193d41544e5c051df5526b7bd73c0f24735b8bfa8a98f790794d29f31bd4c6444f4ad4d34d09953dc042a544eedf0e23a929dc8
  languageName: node
  linkType: hard

"@aws-sdk/credential-provider-ini@npm:^3.972.41, @aws-sdk/credential-provider-ini@npm:^3.972.9":
  version: 3.972.41
  resolution: "@aws-sdk/credential-provider-ini@npm:3.972.41"
  dependencies:
    "@aws-sdk/core": "npm:^3.974.11"
    "@aws-sdk/credential-provider-env": "npm:^3.972.37"
    "@aws-sdk/credential-provider-http": "npm:^3.972.39"
    "@aws-sdk/credential-provider-login": "npm:^3.972.41"
    "@aws-sdk/credential-provider-process": "npm:^3.972.37"
    "@aws-sdk/credential-provider-sso": "npm:^3.972.41"
    "@aws-sdk/credential-provider-web-identity": "npm:^3.972.41"
    "@aws-sdk/nested-clients": "npm:^3.997.9"
    "@aws-sdk/types": "npm:^3.973.8"
    "@smithy/core": "npm:^3.24.2"
    "@smithy/credential-provider-imds": "npm:^4.3.2"
    "@smithy/types": "npm:^4.14.1"
    tslib: "npm:^2.6.2"
  checksum: 10c0/d20e9ef9661ae98458b9c5a2567359519ac00949b5ec4bb21a7bf5ea9a2272b5b1de4cb1d9728b6d0bcf1bce7ecceae742893697c481bc7c6ece65c6d7558135
  languageName: node
  linkType: hard

"@aws-sdk/credential-provider-login@npm:^3.972.41, @aws-sdk/credential-provider-login@npm:^3.972.9":
  version: 3.972.41
  resolution: "@aws-sdk/credential-provider-login@npm:3.972.41"
  dependencies:
    "@aws-sdk/core": "npm:^3.974.11"
    "@aws-sdk/nested-clients": "npm:^3.997.9"
    "@aws-sdk/types": "npm:^3.973.8"
    "@smithy/core": "npm:^3.24.2"
    "@smithy/types": "npm:^4.14.1"
    tslib: "npm:^2.6.2"
  checksum: 10c0/ac3741230916e5ad88047a49bc3c1244ce4ee45b3f0d4e88437e1155ce6a2d1047d048c4c377bec930a024e3a6d5731b7c7ed463c78f114edef0dcd4d6e96288
  languageName: node
  linkType: hard

"@aws-sdk/credential-provider-node@npm:^3.972.10":
  version: 3.972.42
  resolution: "@aws-sdk/credential-provider-node@npm:3.972.42"
  dependencies:
    "@aws-sdk/credential-provider-env": "npm:^3.972.37"
    "@aws-sdk/credential-provider-http": "npm:^3.972.39"
    "@aws-sdk/credential-provider-ini": "npm:^3.972.41"
    "@aws-sdk/credential-provider-process": "npm:^3.972.37"
    "@aws-sdk/credential-provider-sso": "npm:^3.972.41"
    "@aws-sdk/credential-provider-web-identity": "npm:^3.972.41"
    "@aws-sdk/types": "npm:^3.973.8"
    "@smithy/core": "npm:^3.24.2"
    "@smithy/credential-provider-imds": "npm:^4.3.2"
    "@smithy/types": "npm:^4.14.1"
    tslib: "npm:^2.6.2"
  checksum: 10c0/166abecf5bbf748d5a72d67154713f92227768f4e92ab9f1372ebb21a8e633c790dc83997f81c3cf1c8636fe4ce0f3b483f7964d8b43dbd0f34e11582198781f
  languageName: node
  linkType: hard

"@aws-sdk/credential-provider-process@npm:^3.972.37, @aws-sdk/credential-provider-process@npm:^3.972.9":
  version: 3.972.37
  resolution: "@aws-sdk/credential-provider-process@npm:3.972.37"
  dependencies:
    "@aws-sdk/core": "npm:^3.974.11"
    "@aws-sdk/types": "npm:^3.973.8"
    "@smithy/core": "npm:^3.24.2"
    "@smithy/types": "npm:^4.14.1"
    tslib: "npm:^2.6.2"
  checksum: 10c0/186847a3625490664d50ea16f40556100db443b81b18c819ccdb9b0e8e6b85b8e76990caaa71e920adb36209b2516ea3c56ef2326fe4a5aad02b465266f581a1
  languageName: node
  linkType: hard

"@aws-sdk/credential-provider-sso@npm:^3.972.41, @aws-sdk/credential-provider-sso@npm:^3.972.9":
  version: 3.972.41
  resolution: "@aws-sdk/credential-provider-sso@npm:3.972.41"
  dependencies:
    "@aws-sdk/core": "npm:^3.974.11"
    "@aws-sdk/nested-clients": "npm:^3.997.9"
    "@aws-sdk/token-providers": "npm:3.1048.0"
    "@aws-sdk/types": "npm:^3.973.8"
    "@smithy/core": "npm:^3.24.2"
    "@smithy/types": "npm:^4.14.1"
    tslib: "npm:^2.6.2"
  checksum: 10c0/18ef3c6c324e247ea2219c7b099b96aa1859cb0c672c15de965e523fc7dbb6fe2c56c15d70f84fdd374a3152aae01dbf662eb1ee17827b3240b7fc53c08f25c4
  languageName: node
  linkType: hard

"@aws-sdk/credential-provider-web-identity@npm:^3.972.41, @aws-sdk/credential-provider-web-identity@npm:^3.972.9":
  version: 3.972.41
  resolution: "@aws-sdk/credential-provider-web-identity@npm:3.972.41"
  dependencies:
    "@aws-sdk/core": "npm:^3.974.11"
    "@aws-sdk/nested-clients": "npm:^3.997.9"
    "@aws-sdk/types": "npm:^3.973.8"
    "@smithy/core": "npm:^3.24.2"
    "@smithy/types": "npm:^4.14.1"
    tslib: "npm:^2.6.2"
  checksum: 10c0/14e45d3c317b0c27480ccf75a393bc9dbb0b47c4e465c99f8fdfbc4c50ce3106bf88193b3cc75f13eae6fae13e7d8b25c3cb354fa36bb2f85846d1052edf2d86
  languageName: node
  linkType: hard

"@aws-sdk/credential-providers@npm:3.993.0":
  version: 3.993.0
  resolution: "@aws-sdk/credential-providers@npm:3.993.0"
  dependencies:
    "@aws-sdk/client-cognito-identity": "npm:3.993.0"
    "@aws-sdk/core": "npm:^3.973.11"
    "@aws-sdk/credential-provider-cognito-identity": "npm:^3.972.3"
    "@aws-sdk/credential-provider-env": "npm:^3.972.9"
    "@aws-sdk/credential-provider-http": "npm:^3.972.11"
    "@aws-sdk/credential-provider-ini": "npm:^3.972.9"
    "@aws-sdk/credential-provider-login": "npm:^3.972.9"
    "@aws-sdk/credential-provider-node": "npm:^3.972.10"
    "@aws-sdk/credential-provider-process": "npm:^3.972.9"
    "@aws-sdk/credential-provider-sso": "npm:^3.972.9"
    "@aws-sdk/credential-provider-web-identity": "npm:^3.972.9"
    "@aws-sdk/nested-clients": "npm:3.993.0"
    "@aws-sdk/types": "npm:^3.973.1"
    "@smithy/config-resolver": "npm:^4.4.6"
    "@smithy/core": "npm:^3.23.2"
    "@smithy/credential-provider-imds": "npm:^4.2.8"
    "@smithy/node-config-provider": "npm:^4.3.8"
    "@smithy/property-provider": "npm:^4.2.8"
    "@smithy/types": "npm:^4.12.0"
    tslib: "npm:^2.6.2"
  checksum: 10c0/c48f08a57c430d73fb652ecf43ef92e5194f98948103f6d25f399386af0f8f1d2dd3f759d4733c28131738ba2325572320fd6b7babfcc8bd54b2644948a27b69
  languageName: node
  linkType: hard

"@aws-sdk/middleware-host-header@npm:^3.972.3":
  version: 3.972.12
  resolution: "@aws-sdk/middleware-host-header@npm:3.972.12"
  dependencies:
    "@aws-sdk/core": "npm:^3.974.11"
    tslib: "npm:^2.6.2"
  checksum: 10c0/46d1f2d48e9cad35f1e6fa7c66261242201e0222d3b7f04b85886ceb089aa65a81131abf3ecc06af9340f4cf791da6fffc90b69bdf8a92c86432c9450274ebc9
  languageName: node
  linkType: hard

"@aws-sdk/middleware-logger@npm:^3.972.3":
  version: 3.972.11
  resolution: "@aws-sdk/middleware-logger@npm:3.972.11"
  dependencies:
    "@aws-sdk/core": "npm:^3.974.11"
    tslib: "npm:^2.6.2"
  checksum: 10c0/7b7fa98691039a0374cc115c82a1ade9959b9e6f3a030075056f93935e67ad1b8aa104d4aaf5004a0a411ee533ad19bd58667b55a5af6ca521a461a9b538b11b
  languageName: node
  linkType: hard

"@aws-sdk/middleware-recursion-detection@npm:^3.972.3":
  version: 3.972.13
  resolution: "@aws-sdk/middleware-recursion-detection@npm:3.972.13"
  dependencies:
    "@aws-sdk/core": "npm:^3.974.11"
    tslib: "npm:^2.6.2"
  checksum: 10c0/ea6204cc0dbe37567dad5fbc3905718fcecb0344dfdd8001ef3fe2dafc838219014d0f4439c4eb69c935b3deef98d1484efab6924bed09a48a8b1127c03c2ae9
  languageName: node
  linkType: hard

"@aws-sdk/middleware-user-agent@npm:^3.972.11":
  version: 3.972.41
  resolution: "@aws-sdk/middleware-user-agent@npm:3.972.41"
  dependencies:
    "@aws-sdk/core": "npm:^3.974.11"
    tslib: "npm:^2.6.2"
  checksum: 10c0/60bf7ab5587a84b3fa0e7236bd4e01a087381e112f19d2b5ce64aa7fa0a4a497df62b098d4f98fda56eba26a3ce54bfc66e4da9d122ceeb558bfe909ba67dbe4
  languageName: node
  linkType: hard

"@aws-sdk/nested-clients@npm:3.993.0":
  version: 3.993.0
  resolution: "@aws-sdk/nested-clients@npm:3.993.0"
  dependencies:
    "@aws-crypto/sha256-browser": "npm:5.2.0"
    "@aws-crypto/sha256-js": "npm:5.2.0"
    "@aws-sdk/core": "npm:^3.973.11"
    "@aws-sdk/middleware-host-header": "npm:^3.972.3"
    "@aws-sdk/middleware-logger": "npm:^3.972.3"
    "@aws-sdk/middleware-recursion-detection": "npm:^3.972.3"
    "@aws-sdk/middleware-user-agent": "npm:^3.972.11"
    "@aws-sdk/region-config-resolver": "npm:^3.972.3"
    "@aws-sdk/types": "npm:^3.973.1"
    "@aws-sdk/util-endpoints": "npm:3.993.0"
    "@aws-sdk/util-user-agent-browser": "npm:^3.972.3"
    "@aws-sdk/util-user-agent-node": "npm:^3.972.9"
    "@smithy/config-resolver": "npm:^4.4.6"
    "@smithy/core": "npm:^3.23.2"
    "@smithy/fetch-http-handler": "npm:^5.3.9"
    "@smithy/hash-node": "npm:^4.2.8"
    "@smithy/invalid-dependency": "npm:^4.2.8"
    "@smithy/middleware-content-length": "npm:^4.2.8"
    "@smithy/middleware-endpoint": "npm:^4.4.16"
    "@smithy/middleware-retry": "npm:^4.4.33"
    "@smithy/middleware-serde": "npm:^4.2.9"
    "@smithy/middleware-stack": "npm:^4.2.8"
    "@smithy/node-config-provider": "npm:^4.3.8"
    "@smithy/node-http-handler": "npm:^4.4.10"
    "@smithy/protocol-http": "npm:^5.3.8"
    "@smithy/smithy-client": "npm:^4.11.5"
    "@smithy/types": "npm:^4.12.0"
    "@smithy/url-parser": "npm:^4.2.8"
    "@smithy/util-base64": "npm:^4.3.0"
    "@smithy/util-body-length-browser": "npm:^4.2.0"
    "@smithy/util-body-length-node": "npm:^4.2.1"
    "@smithy/util-defaults-mode-browser": "npm:^4.3.32"
    "@smithy/util-defaults-mode-node": "npm:^4.2.35"
    "@smithy/util-endpoints": "npm:^3.2.8"
    "@smithy/util-middleware": "npm:^4.2.8"
    "@smithy/util-retry": "npm:^4.2.8"
    "@smithy/util-utf8": "npm:^4.2.0"
    tslib: "npm:^2.6.2"
  checksum: 10c0/d7f3a578b88d62346fb1ae436b2f61713d7b74bae6ff7a3d91bc67be90eb8d54fb5cec361e92d54341713d4e6f46b2610e0e7232967fe6c66e10977d9547c56b
  languageName: node
  linkType: hard

"@aws-sdk/nested-clients@npm:^3.997.9":
  version: 3.997.9
  resolution: "@aws-sdk/nested-clients@npm:3.997.9"
  dependencies:
    "@aws-crypto/sha256-browser": "npm:5.2.0"
    "@aws-crypto/sha256-js": "npm:5.2.0"
    "@aws-sdk/core": "npm:^3.974.11"
    "@aws-sdk/signature-v4-multi-region": "npm:^3.996.27"
    "@aws-sdk/types": "npm:^3.973.8"
    "@smithy/core": "npm:^3.24.2"
    "@smithy/fetch-http-handler": "npm:^5.4.2"
    "@smithy/node-http-handler": "npm:^4.7.2"
    "@smithy/types": "npm:^4.14.1"
    tslib: "npm:^2.6.2"
  checksum: 10c0/7829772c87b72227cc28b29b675bb554e09bd2a03f543cfcfaee39c7d68b1f3adf3cbff3b3b70d73ea7fb289adfb1f20c55cd98f5a5547f158de7a2ac6d3c563
  languageName: node
  linkType: hard

"@aws-sdk/region-config-resolver@npm:^3.972.3":
  version: 3.972.15
  resolution: "@aws-sdk/region-config-resolver@npm:3.972.15"
  dependencies:
    "@aws-sdk/core": "npm:^3.974.11"
    tslib: "npm:^2.6.2"
  checksum: 10c0/140862debbc29d1b7f8e38dcb5110d628ead8fde74a040bcb30cf2ad3d660dc0a558660b60c1d07f3d2a1adc68aa07aa5656ac5db86872334eb1f07968e2dd76
  languageName: node
  linkType: hard

"@aws-sdk/signature-v4-multi-region@npm:^3.996.27":
  version: 3.996.27
  resolution: "@aws-sdk/signature-v4-multi-region@npm:3.996.27"
  dependencies:
    "@aws-sdk/types": "npm:^3.973.8"
    "@smithy/core": "npm:^3.24.2"
    "@smithy/signature-v4": "npm:^5.4.2"
    "@smithy/types": "npm:^4.14.1"
    tslib: "npm:^2.6.2"
  checksum: 10c0/2acd60550bac5054285f7544765e301937f4ae42e2e8f6d674a1ad7af7378b8ac024611a4539719bf8279f7cb2cce79c83c935fab2bd2602b7e09eba7e81628d
  languageName: node
  linkType: hard

"@aws-sdk/token-providers@npm:3.1048.0":
  version: 3.1048.0
  resolution: "@aws-sdk/token-providers@npm:3.1048.0"
  dependencies:
    "@aws-sdk/core": "npm:^3.974.11"
    "@aws-sdk/nested-clients": "npm:^3.997.9"
    "@aws-sdk/types": "npm:^3.973.8"
    "@smithy/core": "npm:^3.24.2"
    "@smithy/types": "npm:^4.14.1"
    tslib: "npm:^2.6.2"
  checksum: 10c0/4dbca618047f9a051999031e0f027098fbd880fe7732bcd38cd0fd48461c41d7f28797bbf4292aa573815d7a2cdd44a0dad1fafd1922f52792f70c54bfd165b2
  languageName: node
  linkType: hard

"@aws-sdk/types@npm:^3.222.0, @aws-sdk/types@npm:^3.973.1, @aws-sdk/types@npm:^3.973.8":
  version: 3.973.8
  resolution: "@aws-sdk/types@npm:3.973.8"
  dependencies:
    "@smithy/types": "npm:^4.14.1"
    tslib: "npm:^2.6.2"
  checksum: 10c0/4823579e7dd0f6dcce9e9fea9630091eb46e3596bc468614a072f682b1eab6f048854ccf5e9398459ada175c13dfc636ffa8c1d3aa655cf6f22447f9c1a02f7f
  languageName: node
  linkType: hard

"@aws-sdk/util-endpoints@npm:3.993.0":
  version: 3.993.0
  resolution: "@aws-sdk/util-endpoints@npm:3.993.0"
  dependencies:
    "@aws-sdk/types": "npm:^3.973.1"
    "@smithy/types": "npm:^4.12.0"
    "@smithy/url-parser": "npm:^4.2.8"
    "@smithy/util-endpoints": "npm:^3.2.8"
    tslib: "npm:^2.6.2"
  checksum: 10c0/b6186a1adc42f6947b5d070698cabcd2e69abb133f186ea90b0c97534582cccb42f2eabe38bc2158cbc2189b409a1c4bd6ad9516f56ba61d4efcd1e0c1b9c575
  languageName: node
  linkType: hard

"@aws-sdk/util-locate-window@npm:^3.0.0":
  version: 3.965.5
  resolution: "@aws-sdk/util-locate-window@npm:3.965.5"
  dependencies:
    tslib: "npm:^2.6.2"
  checksum: 10c0/f5e33a4d7cbfd832ce4bf35b0e532bcabb4084e9b17d45903bccd43f0e221366a423b6acdea8c705ec66b9776f1e624fd640ad716f7446d014e698249d091e83
  languageName: node
  linkType: hard

"@aws-sdk/util-user-agent-browser@npm:^3.972.3":
  version: 3.972.12
  resolution: "@aws-sdk/util-user-agent-browser@npm:3.972.12"
  dependencies:
    "@aws-sdk/core": "npm:^3.974.11"
    tslib: "npm:^2.6.2"
  checksum: 10c0/05b1ff3fe64f238e1e0ec28435074f4f440eb8e66b469425cc2613d9aaa32e49fd06d123e6ba7095743b1b3c5bcc7ba957798c93c02ce4eea2a982a7d77c5f9b
  languageName: node
  linkType: hard

"@aws-sdk/util-user-agent-node@npm:^3.972.9":
  version: 3.973.27
  resolution: "@aws-sdk/util-user-agent-node@npm:3.973.27"
  dependencies:
    "@aws-sdk/core": "npm:^3.974.11"
    tslib: "npm:^2.6.2"
  checksum: 10c0/64f04db8bff4f6c97e34b6c11bd33d8a149d15448c746a3f1fc49b619f29f553b65bf2e01a03abe871cde56512f31f0b16464340301f369c074f93a46af2cb89
  languageName: node
  linkType: hard

"@aws-sdk/xml-builder@npm:^3.972.24":
  version: 3.972.24
  resolution: "@aws-sdk/xml-builder@npm:3.972.24"
  dependencies:
    "@nodable/entities": "npm:2.1.0"
    "@smithy/types": "npm:^4.14.1"
    fast-xml-parser: "npm:5.7.3"
    tslib: "npm:^2.6.2"
  checksum: 10c0/069d1959e9fbc00244e2e87e02540cf4ead44b8be02012afd029905304c62710b069573be3976c97329efbfb766a228f6f1a93c8fe89cc939b837a8b0fae1550
  languageName: node
  linkType: hard

"@aws/lambda-invoke-store@npm:^0.2.2":
  version: 0.2.4
  resolution: "@aws/lambda-invoke-store@npm:0.2.4"
  checksum: 10c0/29d874d7c1a2d971e0c02980594204f89cda718f215f2fc52b6c56eacbdad1fa5f6ce1b358e5811f5cd35d04c76299a67a8aff95318446af2bdfb4910f213e13
  languageName: node
  linkType: hard

"@esbuild/aix-ppc64@npm:0.28.0":
  version: 0.28.0
  resolution: "@esbuild/aix-ppc64@npm:0.28.0"
  conditions: os=aix & cpu=ppc64
  languageName: node
  linkType: hard

"@esbuild/android-arm64@npm:0.28.0":
  version: 0.28.0
  resolution: "@esbuild/android-arm64@npm:0.28.0"
  conditions: os=android & cpu=arm64
  languageName: node
  linkType: hard

"@esbuild/android-arm@npm:0.28.0":
  version: 0.28.0
  resolution: "@esbuild/android-arm@npm:0.28.0"
  conditions: os=android & cpu=arm
  languageName: node
  linkType: hard

"@esbuild/android-x64@npm:0.28.0":
  version: 0.28.0
  resolution: "@esbuild/android-x64@npm:0.28.0"
  conditions: os=android & cpu=x64
  languageName: node
  linkType: hard

"@esbuild/darwin-arm64@npm:0.28.0":
  version: 0.28.0
  resolution: "@esbuild/darwin-arm64@npm:0.28.0"
  conditions: os=darwin & cpu=arm64
  languageName: node
  linkType: hard

"@esbuild/darwin-x64@npm:0.28.0":
  version: 0.28.0
  resolution: "@esbuild/darwin-x64@npm:0.28.0"
  conditions: os=darwin & cpu=x64
  languageName: node
  linkType: hard

"@esbuild/freebsd-arm64@npm:0.28.0":
  version: 0.28.0
  resolution: "@esbuild/freebsd-arm64@npm:0.28.0"
  conditions: os=freebsd & cpu=arm64
  languageName: node
  linkType: hard

"@esbuild/freebsd-x64@npm:0.28.0":
  version: 0.28.0
  resolution: "@esbuild/freebsd-x64@npm:0.28.0"
  conditions: os=freebsd & cpu=x64
  languageName: node
  linkType: hard

"@esbuild/linux-arm64@npm:0.28.0":
  version: 0.28.0
  resolution: "@esbuild/linux-arm64@npm:0.28.0"
  conditions: os=linux & cpu=arm64
  languageName: node
  linkType: hard

"@esbuild/linux-arm@npm:0.28.0":
  version: 0.28.0
  resolution: "@esbuild/linux-arm@npm:0.28.0"
  conditions: os=linux & cpu=arm
  languageName: node
  linkType: hard

"@esbuild/linux-ia32@npm:0.28.0":
  version: 0.28.0
  resolution: "@esbuild/linux-ia32@npm:0.28.0"
  conditions: os=linux & cpu=ia32
  languageName: node
  linkType: hard

"@esbuild/linux-loong64@npm:0.28.0":
  version: 0.28.0
  resolution: "@esbuild/linux-loong64@npm:0.28.0"
  conditions: os=linux & cpu=loong64
  languageName: node
  linkType: hard

"@esbuild/linux-mips64el@npm:0.28.0":
  version: 0.28.0
  resolution: "@esbuild/linux-mips64el@npm:0.28.0"
  conditions: os=linux & cpu=mips64el
  languageName: node
  linkType: hard

"@esbuild/linux-ppc64@npm:0.28.0":
  version: 0.28.0
  resolution: "@esbuild/linux-ppc64@npm:0.28.0"
  conditions: os=linux & cpu=ppc64
  languageName: node
  linkType: hard

"@esbuild/linux-riscv64@npm:0.28.0":
  version: 0.28.0
  resolution: "@esbuild/linux-riscv64@npm:0.28.0"
  conditions: os=linux & cpu=riscv64
  languageName: node
  linkType: hard

"@esbuild/linux-s390x@npm:0.28.0":
  version: 0.28.0
  resolution: "@esbuild/linux-s390x@npm:0.28.0"
  conditions: os=linux & cpu=s390x
  languageName: node
  linkType: hard

"@esbuild/linux-x64@npm:0.28.0":
  version: 0.28.0
  resolution: "@esbuild/linux-x64@npm:0.28.0"
  conditions: os=linux & cpu=x64
  languageName: node
  linkType: hard

"@esbuild/netbsd-arm64@npm:0.28.0":
  version: 0.28.0
  resolution: "@esbuild/netbsd-arm64@npm:0.28.0"
  conditions: os=netbsd & cpu=arm64
  languageName: node
  linkType: hard

"@esbuild/netbsd-x64@npm:0.28.0":
  version: 0.28.0
  resolution: "@esbuild/netbsd-x64@npm:0.28.0"
  conditions: os=netbsd & cpu=x64
  languageName: node
  linkType: hard

"@esbuild/openbsd-arm64@npm:0.28.0":
  version: 0.28.0
  resolution: "@esbuild/openbsd-arm64@npm:0.28.0"
  conditions: os=openbsd & cpu=arm64
  languageName: node
  linkType: hard

"@esbuild/openbsd-x64@npm:0.28.0":
  version: 0.28.0
  resolution: "@esbuild/openbsd-x64@npm:0.28.0"
  conditions: os=openbsd & cpu=x64
  languageName: node
  linkType: hard

"@esbuild/openharmony-arm64@npm:0.28.0":
  version: 0.28.0
  resolution: "@esbuild/openharmony-arm64@npm:0.28.0"
  conditions: os=openharmony & cpu=arm64
  languageName: node
  linkType: hard

"@esbuild/sunos-x64@npm:0.28.0":
  version: 0.28.0
  resolution: "@esbuild/sunos-x64@npm:0.28.0"
  conditions: os=sunos & cpu=x64
  languageName: node
  linkType: hard

"@esbuild/win32-arm64@npm:0.28.0":
  version: 0.28.0
  resolution: "@esbuild/win32-arm64@npm:0.28.0"
  conditions: os=win32 & cpu=arm64
  languageName: node
  linkType: hard

"@esbuild/win32-ia32@npm:0.28.0":
  version: 0.28.0
  resolution: "@esbuild/win32-ia32@npm:0.28.0"
  conditions: os=win32 & cpu=ia32
  languageName: node
  linkType: hard

"@esbuild/win32-x64@npm:0.28.0":
  version: 0.28.0
  resolution: "@esbuild/win32-x64@npm:0.28.0"
  conditions: os=win32 & cpu=x64
  languageName: node
  linkType: hard

"@infisical/sdk@npm:^5.0.2":
  version: 5.0.2
  resolution: "@infisical/sdk@npm:5.0.2"
  dependencies:
    "@aws-crypto/sha256-js": "npm:^5.2.0"
    "@aws-sdk/credential-providers": "npm:3.993.0"
    "@smithy/protocol-http": "npm:^5.3.8"
    "@smithy/signature-v4": "npm:^5.3.8"
    typescript: "npm:^5.5.4"
    zod: "npm:^3.23.8"
  checksum: 10c0/d3d48a6bf4cddb202cf8b3f6933d8e841e708efbdb529c7bf49cea1b6a8ec69687f4a80f0d9692dff5c390659771b3a064ce8798d6d938d4c7cb9f2edeffa89f
  languageName: node
  linkType: hard

"@nodable/entities@npm:2.1.0, @nodable/entities@npm:^2.1.0":
  version: 2.1.0
  resolution: "@nodable/entities@npm:2.1.0"
  checksum: 10c0/5a4cba2b61a5b6c726328b18b1de6d033cae4a658a118644bf31e0bcbda126ea7b69385043dc556cf1ed859b9ca220e82b81b5e5c48ef1b519fb8ec104575dee
  languageName: node
  linkType: hard

"@smithy/config-resolver@npm:^4.4.6":
  version: 4.5.3
  resolution: "@smithy/config-resolver@npm:4.5.3"
  dependencies:
    "@smithy/core": "npm:^3.24.3"
    tslib: "npm:^2.6.2"
  checksum: 10c0/911016080c556684307a3db87197d0c6ba0adccb58ec015c33783e3703aa972a92145c9f8f5247f231df6cc2ace0905f93c3858a52bef630bdd1194c21c7bdf5
  languageName: node
  linkType: hard

"@smithy/core@npm:^3.23.2, @smithy/core@npm:^3.24.2, @smithy/core@npm:^3.24.3":
  version: 3.24.3
  resolution: "@smithy/core@npm:3.24.3"
  dependencies:
    "@aws-crypto/crc32": "npm:5.2.0"
    "@smithy/types": "npm:^4.14.2"
    tslib: "npm:^2.6.2"
  checksum: 10c0/db3c8cbfd268d7dbf8847c90b8f8890037b7d1d2b3e72da16b953c94281bbeacdba4f49095eb1be8297104acf73a19bc22ea948d8901072bb092d1829ed13638
  languageName: node
  linkType: hard

"@smithy/credential-provider-imds@npm:^4.2.8, @smithy/credential-provider-imds@npm:^4.3.2":
  version: 4.3.3
  resolution: "@smithy/credential-provider-imds@npm:4.3.3"
  dependencies:
    "@smithy/core": "npm:^3.24.3"
    "@smithy/types": "npm:^4.14.2"
    tslib: "npm:^2.6.2"
  checksum: 10c0/13c5a0cc04c62693272ed002dc041294db77c112401479aaf51d04716f8c9f2a99331933ae6b7337ade20a51a2343b03aed1cb345b12a3f0541670fb6b6556e8
  languageName: node
  linkType: hard

"@smithy/fetch-http-handler@npm:^5.3.9, @smithy/fetch-http-handler@npm:^5.4.2":
  version: 5.4.3
  resolution: "@smithy/fetch-http-handler@npm:5.4.3"
  dependencies:
    "@smithy/core": "npm:^3.24.3"
    "@smithy/types": "npm:^4.14.2"
    tslib: "npm:^2.6.2"
  checksum: 10c0/6b801f13a2de99c65cbbd0da3178ebea85b228315afc08547ec1451644a3b2da3b31b17235776416ec0c63d41a5453ccad54847d5224dbd9e4071d9c40579007
  languageName: node
  linkType: hard

"@smithy/hash-node@npm:^4.2.8":
  version: 4.3.3
  resolution: "@smithy/hash-node@npm:4.3.3"
  dependencies:
    "@smithy/core": "npm:^3.24.3"
    tslib: "npm:^2.6.2"
  checksum: 10c0/5609ec479a67d4f2b07c9b851001c7b02d58cfe3d6e0264a7cfa38f565aa6c5eec536131d61f8c8ac4fde5270f9b6671add67a53f6625f5596199a1539d16fa8
  languageName: node
  linkType: hard

"@smithy/invalid-dependency@npm:^4.2.8":
  version: 4.3.3
  resolution: "@smithy/invalid-dependency@npm:4.3.3"
  dependencies:
    "@smithy/core": "npm:^3.24.3"
    tslib: "npm:^2.6.2"
  checksum: 10c0/f02a85469027384d648ae29c5d2b036de3851036b775b3fdacce6e0aa68a9e951d125a2c0a836b1139172b64cba10aca303a590a5ee48fa81b01651353f90d62
  languageName: node
  linkType: hard

"@smithy/is-array-buffer@npm:^2.2.0":
  version: 2.2.0
  resolution: "@smithy/is-array-buffer@npm:2.2.0"
  dependencies:
    tslib: "npm:^2.6.2"
  checksum: 10c0/2f2523cd8cc4538131e408eb31664983fecb0c8724956788b015aaf3ab85a0c976b50f4f09b176f1ed7bbe79f3edf80743be7a80a11f22cd9ce1285d77161aaf
  languageName: node
  linkType: hard

"@smithy/middleware-content-length@npm:^4.2.8":
  version: 4.3.3
  resolution: "@smithy/middleware-content-length@npm:4.3.3"
  dependencies:
    "@smithy/core": "npm:^3.24.3"
    tslib: "npm:^2.6.2"
  checksum: 10c0/08e2701823df85841afcbff2d97a7676c43308d48abc76a3a708b4a02df5790c48ce9dd3681399741386942b57a7b5773fe19bc4b2491d7eafa0588bf7da1503
  languageName: node
  linkType: hard

"@smithy/middleware-endpoint@npm:^4.4.16":
  version: 4.5.3
  resolution: "@smithy/middleware-endpoint@npm:4.5.3"
  dependencies:
    "@smithy/core": "npm:^3.24.3"
    tslib: "npm:^2.6.2"
  checksum: 10c0/b6c45937e766eab5223df068bd1aa3720a8063cbe1d8059d01e094c8b955db9de9a451863e32da3fa931d0c18188b5cea64efb759c55a07b9dea4b999bc8b0aa
  languageName: node
  linkType: hard

"@smithy/middleware-retry@npm:^4.4.33":
  version: 4.6.3
  resolution: "@smithy/middleware-retry@npm:4.6.3"
  dependencies:
    "@smithy/core": "npm:^3.24.3"
    tslib: "npm:^2.6.2"
  checksum: 10c0/3a15f1558d027a56c7a7675a581338cc7754cb69f97a70dc8f6aa8a904b0b03caceda5a6d838d1c8f2208deecf0acf013950b822f53d174682a8361d7e649715
  languageName: node
  linkType: hard

"@smithy/middleware-serde@npm:^4.2.9":
  version: 4.3.3
  resolution: "@smithy/middleware-serde@npm:4.3.3"
  dependencies:
    "@smithy/core": "npm:^3.24.3"
    tslib: "npm:^2.6.2"
  checksum: 10c0/1623102f7d88a98b84c2aa519c2b11941b47880426a76d4c115914dc09fa1257ad0c46c0d5b31442380a723029f50cb10b8137961bbba9bc56ccc7bd8487ea69
  languageName: node
  linkType: hard

"@smithy/middleware-stack@npm:^4.2.8":
  version: 4.3.3
  resolution: "@smithy/middleware-stack@npm:4.3.3"
  dependencies:
    "@smithy/core": "npm:^3.24.3"
    tslib: "npm:^2.6.2"
  checksum: 10c0/786838a37715c7a97412347463db56f53d9527a71913bef5a07223c5e0cc33a9059faa393ed53ee17c6548e5adb555219e1d542f2e1e2f90e7305c4cd9c7b1ed
  languageName: node
  linkType: hard

"@smithy/node-config-provider@npm:^4.3.8":
  version: 4.4.3
  resolution: "@smithy/node-config-provider@npm:4.4.3"
  dependencies:
    "@smithy/core": "npm:^3.24.3"
    tslib: "npm:^2.6.2"
  checksum: 10c0/f6bd2659046b1dcc36188877da85d3d23ce7b0c3bf9dd8f09ea9deb0eefd043f0153938ce734c1e926f950b754b193f9d798a0c825c4fea4d3c95655e83cf385
  languageName: node
  linkType: hard

"@smithy/node-http-handler@npm:^4.4.10, @smithy/node-http-handler@npm:^4.7.2":
  version: 4.7.3
  resolution: "@smithy/node-http-handler@npm:4.7.3"
  dependencies:
    "@smithy/core": "npm:^3.24.3"
    "@smithy/types": "npm:^4.14.2"
    tslib: "npm:^2.6.2"
  checksum: 10c0/805002fc7e55f48f61d15de738dcd79f7bf8fbd372157b2967a9ac7616d76b744a410cc58efd672fa9c8f1592f5a8410aff35e3bd77ea5dfc47ff7c08fe42373
  languageName: node
  linkType: hard

"@smithy/property-provider@npm:^4.2.8":
  version: 4.3.3
  resolution: "@smithy/property-provider@npm:4.3.3"
  dependencies:
    "@smithy/core": "npm:^3.24.3"
    tslib: "npm:^2.6.2"
  checksum: 10c0/7d38736dcd9b390db3d28cfc3ffb9e56a4af03f05ba436766a4f2e1b3123476f29cbee9d3fcb32ddcec9c7fef69241c7da672e24c18e25425a37a733b0836c49
  languageName: node
  linkType: hard

"@smithy/protocol-http@npm:^5.3.8":
  version: 5.4.3
  resolution: "@smithy/protocol-http@npm:5.4.3"
  dependencies:
    "@smithy/core": "npm:^3.24.3"
    tslib: "npm:^2.6.2"
  checksum: 10c0/549324a87fd7ba77887768f9139db9e820854cb0edbddc6b049b65f34e909db008a1dd0ca81f10ede3d82764c72b87b4379aeecd2d313e9259d8ee1fc634117e
  languageName: node
  linkType: hard

"@smithy/signature-v4@npm:^5.3.8, @smithy/signature-v4@npm:^5.4.2":
  version: 5.4.3
  resolution: "@smithy/signature-v4@npm:5.4.3"
  dependencies:
    "@smithy/core": "npm:^3.24.3"
    "@smithy/types": "npm:^4.14.2"
    tslib: "npm:^2.6.2"
  checksum: 10c0/8349f9d5bce785f4b5da536e462035e02032378541e39670912af9ad010ca7285cc2d8b20ecf633c417d784fd74bd351366956ef8b1a408aafc21729a87ea244
  languageName: node
  linkType: hard

"@smithy/smithy-client@npm:^4.11.5":
  version: 4.13.3
  resolution: "@smithy/smithy-client@npm:4.13.3"
  dependencies:
    "@smithy/core": "npm:^3.24.3"
    "@smithy/types": "npm:^4.14.2"
    tslib: "npm:^2.6.2"
  checksum: 10c0/39e97adc1a8f2ab19d50db0dfb9cefca99f67149d4953291d16a44b6334bcf136bb7c24116dd20671b8845a90cc1cee8832788416b54f9ed3607c8095c64609d
  languageName: node
  linkType: hard

"@smithy/types@npm:^4.12.0, @smithy/types@npm:^4.14.1, @smithy/types@npm:^4.14.2":
  version: 4.14.2
  resolution: "@smithy/types@npm:4.14.2"
  dependencies:
    tslib: "npm:^2.6.2"
  checksum: 10c0/8bdad874d9e47233c6f2f74ac001e810b87b0a7c6504b9a9490536c9733ffec36b7b2a73010b31044f22553819a8d1e8bb9b2310f09257b1278a048a5f9679f8
  languageName: node
  linkType: hard

"@smithy/url-parser@npm:^4.2.8":
  version: 4.3.3
  resolution: "@smithy/url-parser@npm:4.3.3"
  dependencies:
    "@smithy/core": "npm:^3.24.3"
    tslib: "npm:^2.6.2"
  checksum: 10c0/6a6b617ad21ef1548a73d070c571922247c98346bf0c989de5d26f1f1e3097ef832b5943132a0b2c2aefbfc782d067581ab4333a7b54df2b7bd930fe5f1a1ed5
  languageName: node
  linkType: hard

"@smithy/util-base64@npm:^4.3.0":
  version: 4.4.3
  resolution: "@smithy/util-base64@npm:4.4.3"
  dependencies:
    "@smithy/core": "npm:^3.24.3"
    tslib: "npm:^2.6.2"
  checksum: 10c0/250e6f51959233eff4ab73be15e82c54c5bd1901c967ff489d211b15068996fe125a95b56790455b74194347f26f6147372ee066bc1f712eb648896daef64f4d
  languageName: node
  linkType: hard

"@smithy/util-body-length-browser@npm:^4.2.0":
  version: 4.3.3
  resolution: "@smithy/util-body-length-browser@npm:4.3.3"
  dependencies:
    "@smithy/core": "npm:^3.24.3"
    tslib: "npm:^2.6.2"
  checksum: 10c0/ca963f9d75ac38b4d8edd95f40f0af707f969872474e5e44a0b5c81842294853bab4591c0c647041413f53c24e1ab14095103740a96c1c70adfbb5aa74c3270f
  languageName: node
  linkType: hard

"@smithy/util-body-length-node@npm:^4.2.1":
  version: 4.3.3
  resolution: "@smithy/util-body-length-node@npm:4.3.3"
  dependencies:
    "@smithy/core": "npm:^3.24.3"
    tslib: "npm:^2.6.2"
  checksum: 10c0/e4bf11c063139c24f70512d27903fa754da24e3b8c6ec4284bab03cc94b6862e16bb429c76eb85de9bedb35ce5b09113036df93f687e0532be96e91ad8ef6422
  languageName: node
  linkType: hard

"@smithy/util-buffer-from@npm:^2.2.0":
  version: 2.2.0
  resolution: "@smithy/util-buffer-from@npm:2.2.0"
  dependencies:
    "@smithy/is-array-buffer": "npm:^2.2.0"
    tslib: "npm:^2.6.2"
  checksum: 10c0/223d6a508b52ff236eea01cddc062b7652d859dd01d457a4e50365af3de1e24a05f756e19433f6ccf1538544076b4215469e21a4ea83dc1d58d829725b0dbc5a
  languageName: node
  linkType: hard

"@smithy/util-defaults-mode-browser@npm:^4.3.32":
  version: 4.4.3
  resolution: "@smithy/util-defaults-mode-browser@npm:4.4.3"
  dependencies:
    "@smithy/core": "npm:^3.24.3"
    tslib: "npm:^2.6.2"
  checksum: 10c0/a5663a289c620c4f7ceae0febaec07f1bfe87ce33d3684044536ab36826b9db96f0e4ecec6ae3e942ea918038b014a34faee52c27aa14c3a052de1db1612d40a
  languageName: node
  linkType: hard

"@smithy/util-defaults-mode-node@npm:^4.2.35":
  version: 4.3.3
  resolution: "@smithy/util-defaults-mode-node@npm:4.3.3"
  dependencies:
    "@smithy/core": "npm:^3.24.3"
    tslib: "npm:^2.6.2"
  checksum: 10c0/03cd6eda95112ab9e2f595d7d42714136de8f68d73dbbd4de88e28c2ae1543e6685695ad48cb57da94d4a4832c9ea33ad21e780295ea55222a204914fc307899
  languageName: node
  linkType: hard

"@smithy/util-endpoints@npm:^3.2.8":
  version: 3.5.3
  resolution: "@smithy/util-endpoints@npm:3.5.3"
  dependencies:
    "@smithy/core": "npm:^3.24.3"
    tslib: "npm:^2.6.2"
  checksum: 10c0/a39bbdef7848049b2a66b5f9b7d594141a5f06f1c3dedcd595b52b84e216497a90b61eda1bfc3ca7ca8bd032a2dae92ff737478f9630d9709c94dd7329cc7c1e
  languageName: node
  linkType: hard

"@smithy/util-middleware@npm:^4.2.8":
  version: 4.3.3
  resolution: "@smithy/util-middleware@npm:4.3.3"
  dependencies:
    "@smithy/core": "npm:^3.24.3"
    tslib: "npm:^2.6.2"
  checksum: 10c0/ef566b43d9da17a87209e1133146608a4c7c747107a36b586d55d84dce132d509a5599b30d9a879ae48ec9f8b19192f0c64d53230c3e03a7818a239e1d6ccd5b
  languageName: node
  linkType: hard

"@smithy/util-retry@npm:^4.2.8":
  version: 4.4.3
  resolution: "@smithy/util-retry@npm:4.4.3"
  dependencies:
    "@smithy/core": "npm:^3.24.3"
    tslib: "npm:^2.6.2"
  checksum: 10c0/9387adf7f891e3eefa5fd5bda026d61751a11f7f1954e7ffe86527dff54db66243bc09cf00f890ba87af4dc1ca0033cec7a4d44853cb55f89b8d0739d3e3a8e4
  languageName: node
  linkType: hard

"@smithy/util-utf8@npm:^2.0.0":
  version: 2.3.0
  resolution: "@smithy/util-utf8@npm:2.3.0"
  dependencies:
    "@smithy/util-buffer-from": "npm:^2.2.0"
    tslib: "npm:^2.6.2"
  checksum: 10c0/e18840c58cc507ca57fdd624302aefd13337ee982754c9aa688463ffcae598c08461e8620e9852a424d662ffa948fc64919e852508028d09e89ced459bd506ab
  languageName: node
  linkType: hard

"@smithy/util-utf8@npm:^4.2.0":
  version: 4.3.3
  resolution: "@smithy/util-utf8@npm:4.3.3"
  dependencies:
    "@smithy/core": "npm:^3.24.3"
    tslib: "npm:^2.6.2"
  checksum: 10c0/7888aac009c39f607f0c4db5b591f45234862d214be08788c52be2d7c2cbbcb4d7db621f237476c81178e2f667945d49fd0bf1b00073fe3c70bee68fe19e98ea
  languageName: node
  linkType: hard

"bowser@npm:^2.11.0":
  version: 2.14.1
  resolution: "bowser@npm:2.14.1"
  checksum: 10c0/bb69b55ba7f0456e3dc07d0cfd9467f985581f640ba8fd426b08754a6737ee0d6cf3b50607941e5255f04c83075b952ece0599f978dd4d20f1e95461104c5ffd
  languageName: node
  linkType: hard

"dotenv@npm:^17.4.2":
  version: 17.4.2
  resolution: "dotenv@npm:17.4.2"
  checksum: 10c0/164f8e77a646c8446867d5b588d26ea6005c8ea7c5eb41cf926f6113d23f2191355f6e0cfd95ea9bab98394a5b0a3f1e51a8399711b666fe55cc7b0bd745f942
  languageName: node
  linkType: hard

"esbuild@npm:0.28.0":
  version: 0.28.0
  resolution: "esbuild@npm:0.28.0"
  dependencies:
    "@esbuild/aix-ppc64": "npm:0.28.0"
    "@esbuild/android-arm": "npm:0.28.0"
    "@esbuild/android-arm64": "npm:0.28.0"
    "@esbuild/android-x64": "npm:0.28.0"
    "@esbuild/darwin-arm64": "npm:0.28.0"
    "@esbuild/darwin-x64": "npm:0.28.0"
    "@esbuild/freebsd-arm64": "npm:0.28.0"
    "@esbuild/freebsd-x64": "npm:0.28.0"
    "@esbuild/linux-arm": "npm:0.28.0"
    "@esbuild/linux-arm64": "npm:0.28.0"
    "@esbuild/linux-ia32": "npm:0.28.0"
    "@esbuild/linux-loong64": "npm:0.28.0"
    "@esbuild/linux-mips64el": "npm:0.28.0"
    "@esbuild/linux-ppc64": "npm:0.28.0"
    "@esbuild/linux-riscv64": "npm:0.28.0"
    "@esbuild/linux-s390x": "npm:0.28.0"
    "@esbuild/linux-x64": "npm:0.28.0"
    "@esbuild/netbsd-arm64": "npm:0.28.0"
    "@esbuild/netbsd-x64": "npm:0.28.0"
    "@esbuild/openbsd-arm64": "npm:0.28.0"
    "@esbuild/openbsd-x64": "npm:0.28.0"
    "@esbuild/openharmony-arm64": "npm:0.28.0"
    "@esbuild/sunos-x64": "npm:0.28.0"
    "@esbuild/win32-arm64": "npm:0.28.0"
    "@esbuild/win32-ia32": "npm:0.28.0"
    "@esbuild/win32-x64": "npm:0.28.0"
  dependenciesMeta:
    "@esbuild/aix-ppc64":
      optional: true
    "@esbuild/android-arm":
      optional: true
    "@esbuild/android-arm64":
      optional: true
    "@esbuild/android-x64":
      optional: true
    "@esbuild/darwin-arm64":
      optional: true
    "@esbuild/darwin-x64":
      optional: true
    "@esbuild/freebsd-arm64":
      optional: true
    "@esbuild/freebsd-x64":
      optional: true
    "@esbuild/linux-arm":
      optional: true
    "@esbuild/linux-arm64":
      optional: true
    "@esbuild/linux-ia32":
      optional: true
    "@esbuild/linux-loong64":
      optional: true
    "@esbuild/linux-mips64el":
      optional: true
    "@esbuild/linux-ppc64":
      optional: true
    "@esbuild/linux-riscv64":
      optional: true
    "@esbuild/linux-s390x":
      optional: true
    "@esbuild/linux-x64":
      optional: true
    "@esbuild/netbsd-arm64":
      optional: true
    "@esbuild/netbsd-x64":
      optional: true
    "@esbuild/openbsd-arm64":
      optional: true
    "@esbuild/openbsd-x64":
      optional: true
    "@esbuild/openharmony-arm64":
      optional: true
    "@esbuild/sunos-x64":
      optional: true
    "@esbuild/win32-arm64":
      optional: true
    "@esbuild/win32-ia32":
      optional: true
    "@esbuild/win32-x64":
      optional: true
  bin:
    esbuild: bin/esbuild
  checksum: 10c0/8acd95c238ec6c4a9d16163277faf228a8994b642d187b3fe667ffbb469008e6748cde144fdc3c175bf8e78ee49e15a0ed9b9f183fdb5fcea1772f87fb1372a4
  languageName: node
  linkType: hard

"fast-xml-builder@npm:^1.1.7":
  version: 1.2.0
  resolution: "fast-xml-builder@npm:1.2.0"
  dependencies:
    path-expression-matcher: "npm:^1.5.0"
    xml-naming: "npm:^0.1.0"
  checksum: 10c0/84bb105cd04e91d6dcb746c4dbaeb12903b510e7ab9a06ffde55b5a582e005559a87d84467f18a655c6c4baf098f696fd74cee3cbe1aea9d01385907768ba32d
  languageName: node
  linkType: hard

"fast-xml-parser@npm:5.7.3":
  version: 5.7.3
  resolution: "fast-xml-parser@npm:5.7.3"
  dependencies:
    "@nodable/entities": "npm:^2.1.0"
    fast-xml-builder: "npm:^1.1.7"
    path-expression-matcher: "npm:^1.5.0"
    strnum: "npm:^2.2.3"
  bin:
    fxparser: src/cli/cli.js
  checksum: 10c0/eeb802855e852ce16121396297f04131c6dbc74f863be94f19e26e386656bdb31677af469ddc6627983a48b99d8842888460ac5413063cb648fde547bb579978
  languageName: node
  linkType: hard

"infisicalLauncher@workspace:.":
  version: 0.0.0-use.local
  resolution: "infisicalLauncher@workspace:."
  dependencies:
    "@infisical/sdk": "npm:^5.0.2"
    dotenv: "npm:^17.4.2"
    esbuild: "npm:0.28.0"
  bin:
    infisicalLauncher: ./dist/index.cjs
  languageName: unknown
  linkType: soft

"path-expression-matcher@npm:^1.5.0":
  version: 1.5.0
  resolution: "path-expression-matcher@npm:1.5.0"
  checksum: 10c0/646cb5bc66cd7d809a52288336f3ac1e6223f156fd8e912936e490e590f7f93e8056d4fd25fcbcc7da61bb698fa520112cb050372a3f65e7b79bd4afa0f77610
  languageName: node
  linkType: hard

"strnum@npm:^2.2.3":
  version: 2.3.0
  resolution: "strnum@npm:2.3.0"
  checksum: 10c0/8d29ea0789df22dfa6101153573c76ce12fb065ed0807eb99cc64624cd7f3d67a5aa0db507e75ab985ca23908cc4f02c65f3359ad762cb3659e3d6456e76e143
  languageName: node
  linkType: hard

"tslib@npm:^2.6.2":
  version: 2.8.1
  resolution: "tslib@npm:2.8.1"
  checksum: 10c0/9c4759110a19c53f992d9aae23aac5ced636e99887b51b9e61def52611732872ff7668757d4e4c61f19691e36f4da981cd9485e869b4a7408d689f6bf1f14e62
  languageName: node
  linkType: hard

"typescript@npm:^5.5.4":
  version: 5.9.3
  resolution: "typescript@npm:5.9.3"
  bin:
    tsc: bin/tsc
    tsserver: bin/tsserver
  checksum: 10c0/6bd7552ce39f97e711db5aa048f6f9995b53f1c52f7d8667c1abdc1700c68a76a308f579cd309ce6b53646deb4e9a1be7c813a93baaf0a28ccd536a30270e1c5
  languageName: node
  linkType: hard

"typescript@patch:typescript@npm%3A^5.5.4#optional!builtin<compat/typescript>":
  version: 5.9.3
  resolution: "typescript@patch:typescript@npm%3A5.9.3#optional!builtin<compat/typescript>::version=5.9.3&hash=5786d5"
  bin:
    tsc: bin/tsc
    tsserver: bin/tsserver
  checksum: 10c0/ad09fdf7a756814dce65bc60c1657b40d44451346858eea230e10f2e95a289d9183b6e32e5c11e95acc0ccc214b4f36289dcad4bf1886b0adb84d711d336a430
  languageName: node
  linkType: hard

"xml-naming@npm:^0.1.0":
  version: 0.1.0
  resolution: "xml-naming@npm:0.1.0"
  checksum: 10c0/8c7614865361bcb7e53e3e091dac21c567e2b92d447919b2f072775aa9dcfc94a5255bd52fbaa0fd53c93513e53a23a6a835218ad2af512451dbc678392f85fe
  languageName: node
  linkType: hard

"zod@npm:^3.23.8":
  version: 3.25.76
  resolution: "zod@npm:3.25.76"
  checksum: 10c0/5718ec35e3c40b600316c5b4c5e4976f7fee68151bc8f8d90ec18a469be9571f072e1bbaace10f1e85cf8892ea12d90821b200e980ab46916a6166a4260a983c
  languageName: node
  linkType: hard
