# This file is generated by running "yarn install" inside your project.
# Manual changes might be lost - proceed with caution!

__metadata:
  version: 10
  cacheKey: 10c0

"@aws-crypto/crc32@npm:5.2.0":
  version: 5.2.0
  resolution: "@aws-crypto/crc32@npm:5.2.0"
  dependencies:
    "@aws-crypto/util": "npm:^5.2.0"
    "@aws-sdk/types": "npm:^3.222.0"
    tslib: "npm:^2.6.2"
  checksum: 10c0/eab9581d3363af5ea498ae0e72de792f54d8890360e14a9d8261b7b5c55ebe080279fb2556e07994d785341cdaa99ab0b1ccf137832b53b5904cd6928f2b094b
  languageName: node
  linkType: hard

"@aws-crypto/sha256-browser@npm:5.2.0":
  version: 5.2.0
  resolution: "@aws-crypto/sha256-browser@npm:5.2.0"
  dependencies:
    "@aws-crypto/sha256-js": "npm:^5.2.0"
    "@aws-crypto/supports-web-crypto": "npm:^5.2.0"
    "@aws-crypto/util": "npm:^5.2.0"
    "@aws-sdk/types": "npm:^3.222.0"
    "@aws-sdk/util-locate-window": "npm:^3.0.0"
    "@smithy/util-utf8": "npm:^2.0.0"
    tslib: "npm:^2.6.2"
  checksum: 10c0/05f6d256794df800fe9aef5f52f2ac7415f7f3117d461f85a6aecaa4e29e91527b6fd503681a17136fa89e9dd3d916e9c7e4cfb5eba222875cb6c077bdc1d00d
  languageName: node
  linkType: hard

"@aws-crypto/sha256-js@npm:5.2.0, @aws-crypto/sha256-js@npm:^5.2.0":
  version: 5.2.0
  resolution: "@aws-crypto/sha256-js@npm:5.2.0"
  dependencies:
    "@aws-crypto/util": "npm:^5.2.0"
    "@aws-sdk/types": "npm:^3.222.0"
    tslib: "npm:^2.6.2"
  checksum: 10c0/6c48701f8336341bb104dfde3d0050c89c288051f6b5e9bdfeb8091cf3ffc86efcd5c9e6ff2a4a134406b019c07aca9db608128f8d9267c952578a3108db9fd1
  languageName: node
  linkType: hard

"@aws-crypto/supports-web-crypto@npm:^5.2.0":
  version: 5.2.0
  resolution: "@aws-crypto/supports-web-crypto@npm:5.2.0"
  dependencies:
    tslib: "npm:^2.6.2"
  checksum: 10c0/4d2118e29d68ca3f5947f1e37ce1fbb3239a0c569cc938cdc8ab8390d595609b5caf51a07c9e0535105b17bf5c52ea256fed705a07e9681118120ab64ee73af2
  languageName: node
  linkType: hard

"@aws-crypto/util@npm:^5.2.0":
  version: 5.2.0
  resolution: "@aws-crypto/util@npm:5.2.0"
  dependencies:
    "@aws-sdk/types": "npm:^3.222.0"
    "@smithy/util-utf8": "npm:^2.0.0"
    tslib: "npm:^2.6.2"
  checksum: 10c0/0362d4c197b1fd64b423966945130207d1fe23e1bb2878a18e361f7743c8d339dad3f8729895a29aa34fff6a86c65f281cf5167c4bf253f21627ae80b6dd2951
  languageName: node
  linkType: hard

"@aws-sdk/client-cognito-identity@npm:3.993.0":
  version: 3.993.0
  resolution: "@aws-sdk/client-cognito-identity@npm:3.993.0"
  dependencies:
    "@aws-crypto/sha256-browser": "npm:5.2.0"
    "@aws-crypto/sha256-js": "npm:5.2.0"
    "@aws-sdk/core": "npm:^3.973.11"
    "@aws-sdk/credential-provider-node": "npm:^3.972.10"
    "@aws-sdk/middleware-host-header": "npm:^3.972.3"
    "@aws-sdk/middleware-logger": "npm:^3.972.3"
    "@aws-sdk/middleware-recursion-detection": "npm:^3.972.3"
    "@aws-sdk/middleware-user-agent": "npm:^3.972.11"
    "@aws-sdk/region-config-resolver": "npm:^3.972.3"
    "@aws-sdk/types": "npm:^3.973.1"
    "@aws-sdk/util-endpoints": "npm:3.993.0"
    "@aws-sdk/util-user-agent-browser": "npm:^3.972.3"
    "@aws-sdk/util-user-agent-node": "npm:^3.972.9"
    "@smithy/config-resolver": "npm:^4.4.6"
    "@smithy/core": "npm:^3.23.2"
    "@smithy/fetch-http-handler": "npm:^5.3.9"
    "@smithy/hash-node": "npm:^4.2.8"
    "@smithy/invalid-dependency": "npm:^4.2.8"
    "@smithy/middleware-content-length": "npm:^4.2.8"
    "@smithy/middleware-endpoint": "npm:^4.4.16"
    "@smithy/middleware-retry": "npm:^4.4.33"
    "@smithy/middleware-serde": "npm:^4.2.9"
    "@smithy/middleware-stack": "npm:^4.2.8"
    "@smithy/node-config-provider": "npm:^4.3.8"
    "@smithy/node-http-handler": "npm:^4.4.10"
    "@smithy/protocol-http": "npm:^5.3.8"
    "@smithy/smithy-client": "npm:^4.11.5"
    "@smithy/types": "npm:^4.12.0"
    "@smithy/url-parser": "npm:^4.2.8"
    "@smithy/util-base64": "npm:^4.3.0"
    "@smithy/util-body-length-browser": "npm:^4.2.0"
    "@smithy/util-body-length-node": "npm:^4.2.1"
    "@smithy/util-defaults-mode-browser": "npm:^4.3.32"
    "@smithy/util-defaults-mode-node": "npm:^4.2.35"
    "@smithy/util-endpoints": "npm:^3.2.8"
    "@smithy/util-middleware": "npm:^4.2.8"
    "@smithy/util-retry": "npm:^4.2.8"
    "@smithy/util-utf8": "npm:^4.2.0"
    tslib: "npm:^2.6.2"
  checksum: 10c0/5b0080ba8a87146b3ff2d5b4030722b0fc2051d2f2327c29f9d701d3501b0ff215337d683f31562a968d453efdba344f196ab5209f572c3dd5faf7d439976f7e
  languageName: node
  linkType: hard

"@aws-sdk/core@npm:^3.973.11, @aws-sdk/core@npm:^3.974.14":
  version: 3.974.14
  resolution: "@aws-sdk/core@npm:3.974.14"
  dependencies:
    "@aws-sdk/types": "npm:^3.973.9"
    "@aws-sdk/xml-builder": "npm:^3.972.26"
    "@aws/lambda-invoke-store": "npm:^0.2.2"
    "@smithy/core": "npm:^3.24.3"
    "@smithy/signature-v4": "npm:^5.4.2"
    "@smithy/types": "npm:^4.14.2"
    bowser: "npm:^2.11.0"
    tslib: "npm:^2.6.2"
  checksum: 10c0/5d3bfdf0a1849442b53e04b55974179e72e01e5474323c5cffbaea15522ad4ac008fd013e981583758267152055e34c0fc0c9ff7febefa7716e102b5812a0d75
  languageName: node
  linkType: hard

"@aws-sdk/credential-provider-cognito-identity@npm:^3.972.3":
  version: 3.972.37
  resolution: "@aws-sdk/credential-provider-cognito-identity@npm:3.972.37"
  dependencies:
    "@aws-sdk/nested-clients": "npm:^3.997.12"
    "@aws-sdk/types": "npm:^3.973.9"
    "@smithy/core": "npm:^3.24.3"
    "@smithy/types": "npm:^4.14.2"
    tslib: "npm:^2.6.2"
  checksum: 10c0/9334c61ceb3f22b854b6c5e507f8be0e16f841108883bb9f801e4838e1f0621fe7ad8063b00e612c8d3b31b55d7fa9aef1cf1c8af87d604dcbbf359418c5e146
  languageName: node
  linkType: hard

"@aws-sdk/credential-provider-env@npm:^3.972.40, @aws-sdk/credential-provider-env@npm:^3.972.9":
  version: 3.972.40
  resolution: "@aws-sdk/credential-provider-env@npm:3.972.40"
  dependencies:
    "@aws-sdk/core": "npm:^3.974.14"
    "@aws-sdk/types": "npm:^3.973.9"
    "@smithy/core": "npm:^3.24.3"
    "@smithy/types": "npm:^4.14.2"
    tslib: "npm:^2.6.2"
  checksum: 10c0/4882aaa01c60642c5d04956b2bff21398f3cbdba04fc6adf82a208d1540ba9c25fdabf0caa805e556d091dc8bffcf9beb6e01302bbf90f3723faca46a6e54245
  languageName: node
  linkType: hard

"@aws-sdk/credential-provider-http@npm:^3.972.11, @aws-sdk/credential-provider-http@npm:^3.972.42":
  version: 3.972.42
  resolution: "@aws-sdk/credential-provider-http@npm:3.972.42"
  dependencies:
    "@aws-sdk/core": "npm:^3.974.14"
    "@aws-sdk/types": "npm:^3.973.9"
    "@smithy/core": "npm:^3.24.3"
    "@smithy/fetch-http-handler": "npm:^5.4.3"
    "@smithy/node-http-handler": "npm:^4.7.3"
    "@smithy/types": "npm:^4.14.2"
    tslib: "npm:^2.6.2"
  checksum: 10c0/3955a4af3d39d7a38b433a7f39b873bb1bc1633ca701af4aed0c61756234d3085123e99c6335726c43ccad4858d5570ecef4923fe6cb1bd3bc522f6ed67b8b63
  languageName: node
  linkType: hard

"@aws-sdk/credential-provider-ini@npm:^3.972.44, @aws-sdk/credential-provider-ini@npm:^3.972.9":
  version: 3.972.44
  resolution: "@aws-sdk/credential-provider-ini@npm:3.972.44"
  dependencies:
    "@aws-sdk/core": "npm:^3.974.14"
    "@aws-sdk/credential-provider-env": "npm:^3.972.40"
    "@aws-sdk/credential-provider-http": "npm:^3.972.42"
    "@aws-sdk/credential-provider-login": "npm:^3.972.44"
    "@aws-sdk/credential-provider-process": "npm:^3.972.40"
    "@aws-sdk/credential-provider-sso": "npm:^3.972.44"
    "@aws-sdk/credential-provider-web-identity": "npm:^3.972.44"
    "@aws-sdk/nested-clients": "npm:^3.997.12"
    "@aws-sdk/types": "npm:^3.973.9"
    "@smithy/core": "npm:^3.24.3"
    "@smithy/credential-provider-imds": "npm:^4.3.2"
    "@smithy/types": "npm:^4.14.2"
    tslib: "npm:^2.6.2"
  checksum: 10c0/34f3bb770df3cb31bf9129ea9e2fc72a122cd131054481d67c2dd5e509967771fd2c7426f574ba9a1bd855b8446add0125776353c7d63bc6a88b1ea5e6eda9f0
  languageName: node
  linkType: hard

"@aws-sdk/credential-provider-login@npm:^3.972.44, @aws-sdk/credential-provider-login@npm:^3.972.9":
  version: 3.972.44
  resolution: "@aws-sdk/credential-provider-login@npm:3.972.44"
  dependencies:
    "@aws-sdk/core": "npm:^3.974.14"
    "@aws-sdk/nested-clients": "npm:^3.997.12"
    "@aws-sdk/types": "npm:^3.973.9"
    "@smithy/core": "npm:^3.24.3"
    "@smithy/types": "npm:^4.14.2"
    tslib: "npm:^2.6.2"
  checksum: 10c0/9d03c914eb5ae92565908785cf1859ee830880b0198e9242fb653c1c075a08b87ae9da5640068a14ed2ac4edc36853e4c0a118fb40c1f59d8a09818e17450852
  languageName: node
  linkType: hard

"@aws-sdk/credential-provider-node@npm:^3.972.10":
  version: 3.972.45
  resolution: "@aws-sdk/credential-provider-node@npm:3.972.45"
  dependencies:
    "@aws-sdk/credential-provider-env": "npm:^3.972.40"
    "@aws-sdk/credential-provider-http": "npm:^3.972.42"
    "@aws-sdk/credential-provider-ini": "npm:^3.972.44"
    "@aws-sdk/credential-provider-process": "npm:^3.972.40"
    "@aws-sdk/credential-provider-sso": "npm:^3.972.44"
    "@aws-sdk/credential-provider-web-identity": "npm:^3.972.44"
    "@aws-sdk/types": "npm:^3.973.9"
    "@smithy/core": "npm:^3.24.3"
    "@smithy/credential-provider-imds": "npm:^4.3.2"
    "@smithy/types": "npm:^4.14.2"
    tslib: "npm:^2.6.2"
  checksum: 10c0/0060df16c887a68c2878087fecfa5f20a110bfce60d8227844a975ad04ae064d54a4b205f42eda88108a3f55c5e652cc6227d49be7742ca0ed6a9f19bb3c5ffd
  languageName: node
  linkType: hard

"@aws-sdk/credential-provider-process@npm:^3.972.40, @aws-sdk/credential-provider-process@npm:^3.972.9":
  version: 3.972.40
  resolution: "@aws-sdk/credential-provider-process@npm:3.972.40"
  dependencies:
    "@aws-sdk/core": "npm:^3.974.14"
    "@aws-sdk/types": "npm:^3.973.9"
    "@smithy/core": "npm:^3.24.3"
    "@smithy/types": "npm:^4.14.2"
    tslib: "npm:^2.6.2"
  checksum: 10c0/e87bafcd71005b7947f5cfdd34fad36225f2922206d5039e93f3fdbc55d5b29d7083f766a02084621006cd219f206e72f3cb75a0806cf4e6ac0acdb924bb9fc7
  languageName: node
  linkType: hard

"@aws-sdk/credential-provider-sso@npm:^3.972.44, @aws-sdk/credential-provider-sso@npm:^3.972.9":
  version: 3.972.44
  resolution: "@aws-sdk/credential-provider-sso@npm:3.972.44"
  dependencies:
    "@aws-sdk/core": "npm:^3.974.14"
    "@aws-sdk/nested-clients": "npm:^3.997.12"
    "@aws-sdk/token-providers": "npm:3.1054.0"
    "@aws-sdk/types": "npm:^3.973.9"
    "@smithy/core": "npm:^3.24.3"
    "@smithy/types": "npm:^4.14.2"
    tslib: "npm:^2.6.2"
  checksum: 10c0/cfcba3bfc222cb307d40b5de2f699462b9681b5ed17dfe1068d9ddf2795bdf43b9e9bc1a2aa6414d3e691ef4cd5b83abe1841a22586f3f4f1bcf760b7e85a1db
  languageName: node
  linkType: hard

"@aws-sdk/credential-provider-web-identity@npm:^3.972.44, @aws-sdk/credential-provider-web-identity@npm:^3.972.9":
  version: 3.972.44
  resolution: "@aws-sdk/credential-provider-web-identity@npm:3.972.44"
  dependencies:
    "@aws-sdk/core": "npm:^3.974.14"
    "@aws-sdk/nested-clients": "npm:^3.997.12"
    "@aws-sdk/types": "npm:^3.973.9"
    "@smithy/core": "npm:^3.24.3"
    "@smithy/types": "npm:^4.14.2"
    tslib: "npm:^2.6.2"
  checksum: 10c0/55a4c5a4e74e2ea71eccac48e45bf9432c67ae5b04b7e40042697f63c2f759c62a6e60adaca8c8763aa405be504d11e7e2537a93a7f9576ab6c62de42cf6e755
  languageName: node
  linkType: hard

"@aws-sdk/credential-providers@npm:3.993.0":
  version: 3.993.0
  resolution: "@aws-sdk/credential-providers@npm:3.993.0"
  dependencies:
    "@aws-sdk/client-cognito-identity": "npm:3.993.0"
    "@aws-sdk/core": "npm:^3.973.11"
    "@aws-sdk/credential-provider-cognito-identity": "npm:^3.972.3"
    "@aws-sdk/credential-provider-env": "npm:^3.972.9"
    "@aws-sdk/credential-provider-http": "npm:^3.972.11"
    "@aws-sdk/credential-provider-ini": "npm:^3.972.9"
    "@aws-sdk/credential-provider-login": "npm:^3.972.9"
    "@aws-sdk/credential-provider-node": "npm:^3.972.10"
    "@aws-sdk/credential-provider-process": "npm:^3.972.9"
    "@aws-sdk/credential-provider-sso": "npm:^3.972.9"
    "@aws-sdk/credential-provider-web-identity": "npm:^3.972.9"
    "@aws-sdk/nested-clients": "npm:3.993.0"
    "@aws-sdk/types": "npm:^3.973.1"
    "@smithy/config-resolver": "npm:^4.4.6"
    "@smithy/core": "npm:^3.23.2"
    "@smithy/credential-provider-imds": "npm:^4.2.8"
    "@smithy/node-config-provider": "npm:^4.3.8"
    "@smithy/property-provider": "npm:^4.2.8"
    "@smithy/types": "npm:^4.12.0"
    tslib: "npm:^2.6.2"
  checksum: 10c0/c48f08a57c430d73fb652ecf43ef92e5194f98948103f6d25f399386af0f8f1d2dd3f759d4733c28131738ba2325572320fd6b7babfcc8bd54b2644948a27b69
  languageName: node
  linkType: hard

"@aws-sdk/middleware-host-header@npm:^3.972.3":
  version: 3.972.15
  resolution: "@aws-sdk/middleware-host-header@npm:3.972.15"
  dependencies:
    "@aws-sdk/core": "npm:^3.974.14"
    tslib: "npm:^2.6.2"
  checksum: 10c0/a650465fca6c220414962a195c3c1b1bcb88090bc49f2854c0e8282dc372ceba93143d94a75f5e4a270f6fcf7812f2720371c58ee19ef5c788b0b54721598494
  languageName: node
  linkType: hard

"@aws-sdk/middleware-logger@npm:^3.972.3":
  version: 3.972.14
  resolution: "@aws-sdk/middleware-logger@npm:3.972.14"
  dependencies:
    "@aws-sdk/core": "npm:^3.974.14"
    tslib: "npm:^2.6.2"
  checksum: 10c0/8fa3876ee450227922b95c9a8ceb9725ba215f8bd6b19e5eba206753f8872ad3481cb98bf37c1d91425ffdd21a4904a2bf259a997963659e9557ae5907e5bb50
  languageName: node
  linkType: hard

"@aws-sdk/middleware-recursion-detection@npm:^3.972.3":
  version: 3.972.16
  resolution: "@aws-sdk/middleware-recursion-detection@npm:3.972.16"
  dependencies:
    "@aws-sdk/core": "npm:^3.974.14"
    tslib: "npm:^2.6.2"
  checksum: 10c0/0a15cce2dc4d8f12ded5f43b9bd5a765f7f128ad8c23d4b7e42d0c32fb0619ce648418ab038ec2a53cbbe60cf29de6f13c1b0ef69c5319988fb19fd30a727c5e
  languageName: node
  linkType: hard

"@aws-sdk/middleware-user-agent@npm:^3.972.11":
  version: 3.972.44
  resolution: "@aws-sdk/middleware-user-agent@npm:3.972.44"
  dependencies:
    "@aws-sdk/core": "npm:^3.974.14"
    tslib: "npm:^2.6.2"
  checksum: 10c0/d5a5ce4f4e8c1fc4e23a98469a364feb1f81ebf3b27f85d9dbb2ecbb0e438f9cb5b89c6b16b751389f95611acdbe399ecbe089736cbc3f320640c1360b51524c
  languageName: node
  linkType: hard

"@aws-sdk/nested-clients@npm:3.993.0":
  version: 3.993.0
  resolution: "@aws-sdk/nested-clients@npm:3.993.0"
  dependencies:
    "@aws-crypto/sha256-browser": "npm:5.2.0"
    "@aws-crypto/sha256-js": "npm:5.2.0"
    "@aws-sdk/core": "npm:^3.973.11"
    "@aws-sdk/middleware-host-header": "npm:^3.972.3"
    "@aws-sdk/middleware-logger": "npm:^3.972.3"
    "@aws-sdk/middleware-recursion-detection": "npm:^3.972.3"
    "@aws-sdk/middleware-user-agent": "npm:^3.972.11"
    "@aws-sdk/region-config-resolver": "npm:^3.972.3"
    "@aws-sdk/types": "npm:^3.973.1"
    "@aws-sdk/util-endpoints": "npm:3.993.0"
    "@aws-sdk/util-user-agent-browser": "npm:^3.972.3"
    "@aws-sdk/util-user-agent-node": "npm:^3.972.9"
    "@smithy/config-resolver": "npm:^4.4.6"
    "@smithy/core": "npm:^3.23.2"
    "@smithy/fetch-http-handler": "npm:^5.3.9"
    "@smithy/hash-node": "npm:^4.2.8"
    "@smithy/invalid-dependency": "npm:^4.2.8"
    "@smithy/middleware-content-length": "npm:^4.2.8"
    "@smithy/middleware-endpoint": "npm:^4.4.16"
    "@smithy/middleware-retry": "npm:^4.4.33"
    "@smithy/middleware-serde": "npm:^4.2.9"
    "@smithy/middleware-stack": "npm:^4.2.8"
    "@smithy/node-config-provider": "npm:^4.3.8"
    "@smithy/node-http-handler": "npm:^4.4.10"
    "@smithy/protocol-http": "npm:^5.3.8"
    "@smithy/smithy-client": "npm:^4.11.5"
    "@smithy/types": "npm:^4.12.0"
    "@smithy/url-parser": "npm:^4.2.8"
    "@smithy/util-base64": "npm:^4.3.0"
    "@smithy/util-body-length-browser": "npm:^4.2.0"
    "@smithy/util-body-length-node": "npm:^4.2.1"
    "@smithy/util-defaults-mode-browser": "npm:^4.3.32"
    "@smithy/util-defaults-mode-node": "npm:^4.2.35"
    "@smithy/util-endpoints": "npm:^3.2.8"
    "@smithy/util-middleware": "npm:^4.2.8"
    "@smithy/util-retry": "npm:^4.2.8"
    "@smithy/util-utf8": "npm:^4.2.0"
    tslib: "npm:^2.6.2"
  checksum: 10c0/d7f3a578b88d62346fb1ae436b2f61713d7b74bae6ff7a3d91bc67be90eb8d54fb5cec361e92d54341713d4e6f46b2610e0e7232967fe6c66e10977d9547c56b
  languageName: node
  linkType: hard

"@aws-sdk/nested-clients@npm:^3.997.12":
  version: 3.997.12
  resolution: "@aws-sdk/nested-clients@npm:3.997.12"
  dependencies:
    "@aws-crypto/sha256-browser": "npm:5.2.0"
    "@aws-crypto/sha256-js": "npm:5.2.0"
    "@aws-sdk/core": "npm:^3.974.14"
    "@aws-sdk/signature-v4-multi-region": "npm:^3.996.29"
    "@aws-sdk/types": "npm:^3.973.9"
    "@smithy/core": "npm:^3.24.3"
    "@smithy/fetch-http-handler": "npm:^5.4.3"
    "@smithy/node-http-handler": "npm:^4.7.3"
    "@smithy/types": "npm:^4.14.2"
    tslib: "npm:^2.6.2"
  checksum: 10c0/32d2648db9a04fc1e6f52f3c31af9668f1c7ace85476666e49c3836caef430a1ca85f74414894340eec8e328ba58b88b5fd260b5b56bcd862e34cc3b453f4b38
  languageName: node
  linkType: hard

"@aws-sdk/region-config-resolver@npm:^3.972.3":
  version: 3.972.18
  resolution: "@aws-sdk/region-config-resolver@npm:3.972.18"
  dependencies:
    "@aws-sdk/core": "npm:^3.974.14"
    tslib: "npm:^2.6.2"
  checksum: 10c0/19fbba35810cbc8c49c5f7ed489648793799f8889176a7e3223ad4e0b7706f2b9d0896d5deeca7172d2254177267052b8b928b7a87470ec535a3376acbe9fec0
  languageName: node
  linkType: hard

"@aws-sdk/signature-v4-multi-region@npm:^3.996.29":
  version: 3.996.29
  resolution: "@aws-sdk/signature-v4-multi-region@npm:3.996.29"
  dependencies:
    "@aws-sdk/types": "npm:^3.973.9"
    "@smithy/signature-v4": "npm:^5.4.2"
    "@smithy/types": "npm:^4.14.2"
    tslib: "npm:^2.6.2"
  checksum: 10c0/4a2cfa83075cbbcc78ba2bf25d6d5fd166c33b6c94663d57a1e611650a554c0c091d4a4ae957901b72ae2e87b3bfd1a96816872b81d005a8c3ca5e21779c6a7c
  languageName: node
  linkType: hard

"@aws-sdk/token-providers@npm:3.1054.0":
  version: 3.1054.0
  resolution: "@aws-sdk/token-providers@npm:3.1054.0"
  dependencies:
    "@aws-sdk/core": "npm:^3.974.14"
    "@aws-sdk/nested-clients": "npm:^3.997.12"
    "@aws-sdk/types": "npm:^3.973.9"
    "@smithy/core": "npm:^3.24.3"
    "@smithy/types": "npm:^4.14.2"
    tslib: "npm:^2.6.2"
  checksum: 10c0/27d315a3238c50fc88ace785f4a0efe6e49034ab61af7af5585b43cef235fc740cd6ac7bd9fed789344ef1eb289e4f871caa332454f8bdcb923826db67132830
  languageName: node
  linkType: hard

"@aws-sdk/types@npm:^3.222.0, @aws-sdk/types@npm:^3.973.1, @aws-sdk/types@npm:^3.973.9":
  version: 3.973.9
  resolution: "@aws-sdk/types@npm:3.973.9"
  dependencies:
    "@smithy/types": "npm:^4.14.2"
    tslib: "npm:^2.6.2"
  checksum: 10c0/8164f908a004c23927109b86f44e9d112804aaa32cd654b260f79b7c2c2f9fb6802b72ccf73cbbf6fa1c613e660ce5b45835018db94713a59714e8ff762aaf2a
  languageName: node
  linkType: hard

"@aws-sdk/util-endpoints@npm:3.993.0":
  version: 3.993.0
  resolution: "@aws-sdk/util-endpoints@npm:3.993.0"
  dependencies:
    "@aws-sdk/types": "npm:^3.973.1"
    "@smithy/types": "npm:^4.12.0"
    "@smithy/url-parser": "npm:^4.2.8"
    "@smithy/util-endpoints": "npm:^3.2.8"
    tslib: "npm:^2.6.2"
  checksum: 10c0/b6186a1adc42f6947b5d070698cabcd2e69abb133f186ea90b0c97534582cccb42f2eabe38bc2158cbc2189b409a1c4bd6ad9516f56ba61d4efcd1e0c1b9c575
  languageName: node
  linkType: hard

"@aws-sdk/util-locate-window@npm:^3.0.0":
  version: 3.965.5
  resolution: "@aws-sdk/util-locate-window@npm:3.965.5"
  dependencies:
    tslib: "npm:^2.6.2"
  checksum: 10c0/f5e33a4d7cbfd832ce4bf35b0e532bcabb4084e9b17d45903bccd43f0e221366a423b6acdea8c705ec66b9776f1e624fd640ad716f7446d014e698249d091e83
  languageName: node
  linkType: hard

"@aws-sdk/util-user-agent-browser@npm:^3.972.3":
  version: 3.972.15
  resolution: "@aws-sdk/util-user-agent-browser@npm:3.972.15"
  dependencies:
    "@aws-sdk/core": "npm:^3.974.14"
    tslib: "npm:^2.6.2"
  checksum: 10c0/471006c25c5d689c9615bc5e118c6d2a886b18f23a6042b709ca6a908127764b3bfb1deff448051841ee4a3dfaccfcd03e29eea30f7925d96b0e479055eb5bca
  languageName: node
  linkType: hard

"@aws-sdk/util-user-agent-node@npm:^3.972.9":
  version: 3.973.30
  resolution: "@aws-sdk/util-user-agent-node@npm:3.973.30"
  dependencies:
    "@aws-sdk/core": "npm:^3.974.14"
    tslib: "npm:^2.6.2"
  checksum: 10c0/b049ebcbcce8db5d06b34fc1e5a74d40847274bd91e1a7c4f896d8219a91536f7e32131534fe3031ad63dc37a39e6f911f7ad036e7b792e4ad54f78655beaf73
  languageName: node
  linkType: hard

"@aws-sdk/xml-builder@npm:^3.972.26":
  version: 3.972.26
  resolution: "@aws-sdk/xml-builder@npm:3.972.26"
  dependencies:
    "@smithy/types": "npm:^4.14.2"
    fast-xml-parser: "npm:5.7.3"
    tslib: "npm:^2.6.2"
  checksum: 10c0/f9501c0e475455d6ce6dd66aba781d07094a7e80c09a0b894e755a373afd6ec0f0f8f235e46d92f22902db7c3f9225beeab3b22993dd429999a7e618a8f9f9f1
  languageName: node
  linkType: hard

"@aws/lambda-invoke-store@npm:^0.2.2":
  version: 0.2.4
  resolution: "@aws/lambda-invoke-store@npm:0.2.4"
  checksum: 10c0/29d874d7c1a2d971e0c02980594204f89cda718f215f2fc52b6c56eacbdad1fa5f6ce1b358e5811f5cd35d04c76299a67a8aff95318446af2bdfb4910f213e13
  languageName: node
  linkType: hard

"@esbuild/aix-ppc64@npm:0.28.0":
  version: 0.28.0
  resolution: "@esbuild/aix-ppc64@npm:0.28.0"
  conditions: os=aix & cpu=ppc64
  languageName: node
  linkType: hard

"@esbuild/android-arm64@npm:0.28.0":
  version: 0.28.0
  resolution: "@esbuild/android-arm64@npm:0.28.0"
  conditions: os=android & cpu=arm64
  languageName: node
  linkType: hard

"@esbuild/android-arm@npm:0.28.0":
  version: 0.28.0
  resolution: "@esbuild/android-arm@npm:0.28.0"
  conditions: os=android & cpu=arm
  languageName: node
  linkType: hard

"@esbuild/android-x64@npm:0.28.0":
  version: 0.28.0
  resolution: "@esbuild/android-x64@npm:0.28.0"
  conditions: os=android & cpu=x64
  languageName: node
  linkType: hard

"@esbuild/darwin-arm64@npm:0.28.0":
  version: 0.28.0
  resolution: "@esbuild/darwin-arm64@npm:0.28.0"
  conditions: os=darwin & cpu=arm64
  languageName: node
  linkType: hard

"@esbuild/darwin-x64@npm:0.28.0":
  version: 0.28.0
  resolution: "@esbuild/darwin-x64@npm:0.28.0"
  conditions: os=darwin & cpu=x64
  languageName: node
  linkType: hard

"@esbuild/freebsd-arm64@npm:0.28.0":
  version: 0.28.0
  resolution: "@esbuild/freebsd-arm64@npm:0.28.0"
  conditions: os=freebsd & cpu=arm64
  languageName: node
  linkType: hard

"@esbuild/freebsd-x64@npm:0.28.0":
  version: 0.28.0
  resolution: "@esbuild/freebsd-x64@npm:0.28.0"
  conditions: os=freebsd & cpu=x64
  languageName: node
  linkType: hard

"@esbuild/linux-arm64@npm:0.28.0":
  version: 0.28.0
  resolution: "@esbuild/linux-arm64@npm:0.28.0"
  conditions: os=linux & cpu=arm64
  languageName: node
  linkType: hard

"@esbuild/linux-arm@npm:0.28.0":
  version: 0.28.0
  resolution: "@esbuild/linux-arm@npm:0.28.0"
  conditions: os=linux & cpu=arm
  languageName: node
  linkType: hard

"@esbuild/linux-ia32@npm:0.28.0":
  version: 0.28.0
  resolution: "@esbuild/linux-ia32@npm:0.28.0"
  conditions: os=linux & cpu=ia32
  languageName: node
  linkType: hard

"@esbuild/linux-loong64@npm:0.28.0":
  version: 0.28.0
  resolution: "@esbuild/linux-loong64@npm:0.28.0"
  conditions: os=linux & cpu=loong64
  languageName: node
  linkType: hard

"@esbuild/linux-mips64el@npm:0.28.0":
  version: 0.28.0
  resolution: "@esbuild/linux-mips64el@npm:0.28.0"
  conditions: os=linux & cpu=mips64el
  languageName: node
  linkType: hard

"@esbuild/linux-ppc64@npm:0.28.0":
  version: 0.28.0
  resolution: "@esbuild/linux-ppc64@npm:0.28.0"
  conditions: os=linux & cpu=ppc64
  languageName: node
  linkType: hard

"@esbuild/linux-riscv64@npm:0.28.0":
  version: 0.28.0
  resolution: "@esbuild/linux-riscv64@npm:0.28.0"
  conditions: os=linux & cpu=riscv64
  languageName: node
  linkType: hard

"@esbuild/linux-s390x@npm:0.28.0":
  version: 0.28.0
  resolution: "@esbuild/linux-s390x@npm:0.28.0"
  conditions: os=linux & cpu=s390x
  languageName: node
  linkType: hard

"@esbuild/linux-x64@npm:0.28.0":
  version: 0.28.0
  resolution: "@esbuild/linux-x64@npm:0.28.0"
  conditions: os=linux & cpu=x64
  languageName: node
  linkType: hard

"@esbuild/netbsd-arm64@npm:0.28.0":
  version: 0.28.0
  resolution: "@esbuild/netbsd-arm64@npm:0.28.0"
  conditions: os=netbsd & cpu=arm64
  languageName: node
  linkType: hard

"@esbuild/netbsd-x64@npm:0.28.0":
  version: 0.28.0
  resolution: "@esbuild/netbsd-x64@npm:0.28.0"
  conditions: os=netbsd & cpu=x64
  languageName: node
  linkType: hard

"@esbuild/openbsd-arm64@npm:0.28.0":
  version: 0.28.0
  resolution: "@esbuild/openbsd-arm64@npm:0.28.0"
  conditions: os=openbsd & cpu=arm64
  languageName: node
  linkType: hard

"@esbuild/openbsd-x64@npm:0.28.0":
  version: 0.28.0
  resolution: "@esbuild/openbsd-x64@npm:0.28.0"
  conditions: os=openbsd & cpu=x64
  languageName: node
  linkType: hard

"@esbuild/openharmony-arm64@npm:0.28.0":
  version: 0.28.0
  resolution: "@esbuild/openharmony-arm64@npm:0.28.0"
  conditions: os=openharmony & cpu=arm64
  languageName: node
  linkType: hard

"@esbuild/sunos-x64@npm:0.28.0":
  version: 0.28.0
  resolution: "@esbuild/sunos-x64@npm:0.28.0"
  conditions: os=sunos & cpu=x64
  languageName: node
  linkType: hard

"@esbuild/win32-arm64@npm:0.28.0":
  version: 0.28.0
  resolution: "@esbuild/win32-arm64@npm:0.28.0"
  conditions: os=win32 & cpu=arm64
  languageName: node
  linkType: hard

"@esbuild/win32-ia32@npm:0.28.0":
  version: 0.28.0
  resolution: "@esbuild/win32-ia32@npm:0.28.0"
  conditions: os=win32 & cpu=ia32
  languageName: node
  linkType: hard

"@esbuild/win32-x64@npm:0.28.0":
  version: 0.28.0
  resolution: "@esbuild/win32-x64@npm:0.28.0"
  conditions: os=win32 & cpu=x64
  languageName: node
  linkType: hard

"@infisical/sdk@npm:^5.0.2":
  version: 5.0.2
  resolution: "@infisical/sdk@npm:5.0.2"
  dependencies:
    "@aws-crypto/sha256-js": "npm:^5.2.0"
    "@aws-sdk/credential-providers": "npm:3.993.0"
    "@smithy/protocol-http": "npm:^5.3.8"
    "@smithy/signature-v4": "npm:^5.3.8"
    typescript: "npm:^5.5.4"
    zod: "npm:^3.23.8"
  checksum: 10c0/d3d48a6bf4cddb202cf8b3f6933d8e841e708efbdb529c7bf49cea1b6a8ec69687f4a80f0d9692dff5c390659771b3a064ce8798d6d938d4c7cb9f2edeffa89f
  languageName: node
  linkType: hard

"@nodable/entities@npm:^2.1.0":
  version: 2.1.0
  resolution: "@nodable/entities@npm:2.1.0"
  checksum: 10c0/5a4cba2b61a5b6c726328b18b1de6d033cae4a658a118644bf31e0bcbda126ea7b69385043dc556cf1ed859b9ca220e82b81b5e5c48ef1b519fb8ec104575dee
  languageName: node
  linkType: hard

"@smithy/config-resolver@npm:^4.4.6":
  version: 4.5.5
  resolution: "@smithy/config-resolver@npm:4.5.5"
  dependencies:
    "@smithy/core": "npm:^3.24.5"
    tslib: "npm:^2.6.2"
  checksum: 10c0/c5af4ecff9611263b777a57719ee244f50c02dd927a37aa03398c261c884f4c5be7daa5ffca86f36d00c740c06cb038c8171f1d25d56c3ab99a719bbf400ff41
  languageName: node
  linkType: hard

"@smithy/core@npm:^3.23.2, @smithy/core@npm:^3.24.3, @smithy/core@npm:^3.24.5":
  version: 3.24.5
  resolution: "@smithy/core@npm:3.24.5"
  dependencies:
    "@aws-crypto/crc32": "npm:5.2.0"
    "@smithy/types": "npm:^4.14.2"
    tslib: "npm:^2.6.2"
  checksum: 10c0/53cb81211eb58b7c28517ff3e423178e32cbe2f20c79f33ad511041d897d06671c3fe222124abc432db7bbeaac737f1894b346852f5d5fce01677302d3aaf117
  languageName: node
  linkType: hard

"@smithy/credential-provider-imds@npm:^4.2.8, @smithy/credential-provider-imds@npm:^4.3.2":
  version: 4.3.5
  resolution: "@smithy/credential-provider-imds@npm:4.3.5"
  dependencies:
    "@smithy/core": "npm:^3.24.5"
    "@smithy/types": "npm:^4.14.2"
    tslib: "npm:^2.6.2"
  checksum: 10c0/8959dab1ac45640860e477efc4f15080771320c3180463c392c9929d55544d0833cee34ae7b2b9a1d591805e750846fdaf39d8861b5a4e38712089dbc0f888cb
  languageName: node
  linkType: hard

"@smithy/fetch-http-handler@npm:^5.3.9, @smithy/fetch-http-handler@npm:^5.4.3":
  version: 5.4.5
  resolution: "@smithy/fetch-http-handler@npm:5.4.5"
  dependencies:
    "@smithy/core": "npm:^3.24.5"
    "@smithy/types": "npm:^4.14.2"
    tslib: "npm:^2.6.2"
  checksum: 10c0/b75cd641e6ca78fa89d8659e201d9dbdbbdaec59f5abc4a3cc4b6b6e56345b61e370647a4bccd3830a3b2a11639d0e98aaf958e9cacd88353d24bea648341a3e
  languageName: node
  linkType: hard

"@smithy/hash-node@npm:^4.2.8":
  version: 4.3.5
  resolution: "@smithy/hash-node@npm:4.3.5"
  dependencies:
    "@smithy/core": "npm:^3.24.5"
    tslib: "npm:^2.6.2"
  checksum: 10c0/71a915c79ffbe384906c78844ee7e36ccc22d7a56bb56eb04137aae67afa0ee12a1a8b8e02abf587965e94d7c222b3cc161da11d41be641ac9f2277ba48f047f
  languageName: node
  linkType: hard

"@smithy/invalid-dependency@npm:^4.2.8":
  version: 4.3.5
  resolution: "@smithy/invalid-dependency@npm:4.3.5"
  dependencies:
    "@smithy/core": "npm:^3.24.5"
    tslib: "npm:^2.6.2"
  checksum: 10c0/069b4a27dce2e29b6ce42c2cc3bf2a129a8e4738b33137a4a055748dfe9532d6eec6c1d9944fed09942acdb0022ef8577ceb865c5012f5f85aac33973b7b0689
  languageName: node
  linkType: hard

"@smithy/is-array-buffer@npm:^2.2.0":
  version: 2.2.0
  resolution: "@smithy/is-array-buffer@npm:2.2.0"
  dependencies:
    tslib: "npm:^2.6.2"
  checksum: 10c0/2f2523cd8cc4538131e408eb31664983fecb0c8724956788b015aaf3ab85a0c976b50f4f09b176f1ed7bbe79f3edf80743be7a80a11f22cd9ce1285d77161aaf
  languageName: node
  linkType: hard

"@smithy/middleware-content-length@npm:^4.2.8":
  version: 4.3.5
  resolution: "@smithy/middleware-content-length@npm:4.3.5"
  dependencies:
    "@smithy/core": "npm:^3.24.5"
    tslib: "npm:^2.6.2"
  checksum: 10c0/a77de82b9e1ae542016b26aad4915809195b64e0a473d91445328030373f6cad9ee31d0928e9b13fed911f38426d56ff1febd85646acb3bae37ca7bb3f6ea389
  languageName: node
  linkType: hard

"@smithy/middleware-endpoint@npm:^4.4.16":
  version: 4.5.5
  resolution: "@smithy/middleware-endpoint@npm:4.5.5"
  dependencies:
    "@smithy/core": "npm:^3.24.5"
    tslib: "npm:^2.6.2"
  checksum: 10c0/3510bedc04b6bf0c29d647f4a8ca734ab1f930c3d191a9ecdc2a4c68a461db8b4766d2d6811c8fda7ed5f1a9737d354b3032e15065f683cea6fe2fd1c2656e58
  languageName: node
  linkType: hard

"@smithy/middleware-retry@npm:^4.4.33":
  version: 4.6.5
  resolution: "@smithy/middleware-retry@npm:4.6.5"
  dependencies:
    "@smithy/core": "npm:^3.24.5"
    tslib: "npm:^2.6.2"
  checksum: 10c0/7793fb2798817891c0e175da5a73e1c22160792d2cdea3e92d6cfb8c1f1e20cb15c5d508ebd9cefc3a44cd6af7251540c2b9a6ddc5807061e2ccb754504e94e0
  languageName: node
  linkType: hard

"@smithy/middleware-serde@npm:^4.2.9":
  version: 4.3.5
  resolution: "@smithy/middleware-serde@npm:4.3.5"
  dependencies:
    "@smithy/core": "npm:^3.24.5"
    tslib: "npm:^2.6.2"
  checksum: 10c0/e129f30049a0f72e947d904f624a94e957a27ea945a18548c9c22bc2f31e6460e2e7d0fe8214a608bbe5c1cf58ab5b1be34dbe3614fb1b1e5c615ff0ce7c7e55
  languageName: node
  linkType: hard

"@smithy/middleware-stack@npm:^4.2.8":
  version: 4.3.5
  resolution: "@smithy/middleware-stack@npm:4.3.5"
  dependencies:
    "@smithy/core": "npm:^3.24.5"
    tslib: "npm:^2.6.2"
  checksum: 10c0/6157f23731b4baae11871dc7effd39e44f8aa8b6965fcf82202f8a032ef23f81d8ab7621c6d47f928b91fb793d45b97727706dcbcf50ab4ed37b3c0bef07e0e6
  languageName: node
  linkType: hard

"@smithy/node-config-provider@npm:^4.3.8":
  version: 4.4.5
  resolution: "@smithy/node-config-provider@npm:4.4.5"
  dependencies:
    "@smithy/core": "npm:^3.24.5"
    tslib: "npm:^2.6.2"
  checksum: 10c0/1101b9de3eaf0e3c5ccfd0d39811eaae559f25f84100e550d0be650bea28eac2e70e7c0e97889fb72d1077744182c1a6699340f8cd6cc1cbed785a718fd340a0
  languageName: node
  linkType: hard

"@smithy/node-http-handler@npm:^4.4.10, @smithy/node-http-handler@npm:^4.7.3":
  version: 4.7.5
  resolution: "@smithy/node-http-handler@npm:4.7.5"
  dependencies:
    "@smithy/core": "npm:^3.24.5"
    "@smithy/types": "npm:^4.14.2"
    tslib: "npm:^2.6.2"
  checksum: 10c0/c346cd2db2021a39f6e45d3436bafd3e4114f0bc3e81ed2da385a49bf434b9b3d336dd21df9d15c39227f23b73756a6420a2d3d49ff0f69dda73c8b4828c2c16
  languageName: node
  linkType: hard

"@smithy/property-provider@npm:^4.2.8":
  version: 4.3.5
  resolution: "@smithy/property-provider@npm:4.3.5"
  dependencies:
    "@smithy/core": "npm:^3.24.5"
    tslib: "npm:^2.6.2"
  checksum: 10c0/e58c7b6deb519f06d8e5b58878b4248634c85a38c89225c774eea8168df4300830adb623b5d504940815437d8c22e71450764f908b1e71f2e2849ff1ed7b110a
  languageName: node
  linkType: hard

"@smithy/protocol-http@npm:^5.3.8":
  version: 5.4.5
  resolution: "@smithy/protocol-http@npm:5.4.5"
  dependencies:
    "@smithy/core": "npm:^3.24.5"
    tslib: "npm:^2.6.2"
  checksum: 10c0/1c8b4f18d096b77f847a202ff71b83a2e806e030de8f0c0a2c8720f2f83654d62c7d2430e9cea2ef02835a79063c92ab11d836a409a97f58a4967ef555a5d780
  languageName: node
  linkType: hard

"@smithy/signature-v4@npm:^5.3.8, @smithy/signature-v4@npm:^5.4.2":
  version: 5.4.5
  resolution: "@smithy/signature-v4@npm:5.4.5"
  dependencies:
    "@smithy/core": "npm:^3.24.5"
    "@smithy/types": "npm:^4.14.2"
    tslib: "npm:^2.6.2"
  checksum: 10c0/cfb86297144958ee0a3928a165c8d1688e2b086ae4fa7237eb54561a851d795ea5b12684a379ceb4ce78ad9d74ef5bc534e83693bc58bde4f48bfffabfbf6050
  languageName: node
  linkType: hard

"@smithy/smithy-client@npm:^4.11.5":
  version: 4.13.5
  resolution: "@smithy/smithy-client@npm:4.13.5"
  dependencies:
    "@smithy/core": "npm:^3.24.5"
    "@smithy/types": "npm:^4.14.2"
    tslib: "npm:^2.6.2"
  checksum: 10c0/2883774362c248a5d0ba038413ba1e317708783c507df0e8d341aea5935812ad7b5c8ec00495b64dcc7ebea354f636d1628f38901636e5f67d72b2e2ac417395
  languageName: node
  linkType: hard

"@smithy/types@npm:^4.12.0, @smithy/types@npm:^4.14.2":
  version: 4.14.2
  resolution: "@smithy/types@npm:4.14.2"
  dependencies:
    tslib: "npm:^2.6.2"
  checksum: 10c0/8bdad874d9e47233c6f2f74ac001e810b87b0a7c6504b9a9490536c9733ffec36b7b2a73010b31044f22553819a8d1e8bb9b2310f09257b1278a048a5f9679f8
  languageName: node
  linkType: hard

"@smithy/url-parser@npm:^4.2.8":
  version: 4.3.5
  resolution: "@smithy/url-parser@npm:4.3.5"
  dependencies:
    "@smithy/core": "npm:^3.24.5"
    tslib: "npm:^2.6.2"
  checksum: 10c0/b185ca4022871c622d0ca5c10cd6e571a0befe06786c58eacb18706b0789514533661660e9701a3ab22cdd330c44280e80ed66d89f560d21778629d0b0129ffb
  languageName: node
  linkType: hard

"@smithy/util-base64@npm:^4.3.0":
  version: 4.4.5
  resolution: "@smithy/util-base64@npm:4.4.5"
  dependencies:
    "@smithy/core": "npm:^3.24.5"
    tslib: "npm:^2.6.2"
  checksum: 10c0/524eacea01702dd20a4c12c7d1d04b02c17524d40ab7937eb9f8c857b2964ec17fba28275b847f36da06c52d0d08b29e5034d0df3877474d1b1cc3bafc339249
  languageName: node
  linkType: hard

"@smithy/util-body-length-browser@npm:^4.2.0":
  version: 4.3.5
  resolution: "@smithy/util-body-length-browser@npm:4.3.5"
  dependencies:
    "@smithy/core": "npm:^3.24.5"
    tslib: "npm:^2.6.2"
  checksum: 10c0/4bc9a25f25291495e0ff7844caded3a27642ae43bab9176465c0413e4ab8a00e4c686fa3410d89f4bf3bcc81431b51be175a97b7e344662f1739d2e5b63bf425
  languageName: node
  linkType: hard

"@smithy/util-body-length-node@npm:^4.2.1":
  version: 4.3.5
  resolution: "@smithy/util-body-length-node@npm:4.3.5"
  dependencies:
    "@smithy/core": "npm:^3.24.5"
    tslib: "npm:^2.6.2"
  checksum: 10c0/342a07cb62b3422c15d12b7363347709695e4b6986afd8a08b507f47b906c1b10e8d889e480e526360108b6cd4360f798eb7485bf24abe13c3331db3cc2cb867
  languageName: node
  linkType: hard

"@smithy/util-buffer-from@npm:^2.2.0":
  version: 2.2.0
  resolution: "@smithy/util-buffer-from@npm:2.2.0"
  dependencies:
    "@smithy/is-array-buffer": "npm:^2.2.0"
    tslib: "npm:^2.6.2"
  checksum: 10c0/223d6a508b52ff236eea01cddc062b7652d859dd01d457a4e50365af3de1e24a05f756e19433f6ccf1538544076b4215469e21a4ea83dc1d58d829725b0dbc5a
  languageName: node
  linkType: hard

"@smithy/util-defaults-mode-browser@npm:^4.3.32":
  version: 4.4.5
  resolution: "@smithy/util-defaults-mode-browser@npm:4.4.5"
  dependencies:
    "@smithy/core": "npm:^3.24.5"
    tslib: "npm:^2.6.2"
  checksum: 10c0/bb00ba1e36e1c77583e174280099b37517d3d7f5180ff80fe1f728fd7c849216f657cded4652bdae102a1d0b45a2f37e157137a9debfd14ae0e2faa11197fc47
  languageName: node
  linkType: hard

"@smithy/util-defaults-mode-node@npm:^4.2.35":
  version: 4.3.5
  resolution: "@smithy/util-defaults-mode-node@npm:4.3.5"
  dependencies:
    "@smithy/core": "npm:^3.24.5"
    tslib: "npm:^2.6.2"
  checksum: 10c0/20364e131f4559a97db2c84def2025c2280740ee25f9b55e282c07ec8f7863892f399cfe6f7339652a60819d013bd5ebd44ac22e85960de1f4923d9ec4e603af
  languageName: node
  linkType: hard

"@smithy/util-endpoints@npm:^3.2.8":
  version: 3.5.5
  resolution: "@smithy/util-endpoints@npm:3.5.5"
  dependencies:
    "@smithy/core": "npm:^3.24.5"
    tslib: "npm:^2.6.2"
  checksum: 10c0/d632a3ffec8b432051a94d151b0283cf9fde5c0185141dba2ecba36051d4d07e4a50766b344e0d815c87e2ed69de5df26606bd60bb71b7c9e16843adb65ce344
  languageName: node
  linkType: hard

"@smithy/util-middleware@npm:^4.2.8":
  version: 4.3.5
  resolution: "@smithy/util-middleware@npm:4.3.5"
  dependencies:
    "@smithy/core": "npm:^3.24.5"
    tslib: "npm:^2.6.2"
  checksum: 10c0/6b691a0b92b4bbba5d8d2f95305ff8d383a18996e9088ea5c3e6e27392c54a10be39dffda8747f653d2c00136e2e7adab74ef58e0d030bd7c8bf4bd3427464e8
  languageName: node
  linkType: hard

"@smithy/util-retry@npm:^4.2.8":
  version: 4.4.5
  resolution: "@smithy/util-retry@npm:4.4.5"
  dependencies:
    "@smithy/core": "npm:^3.24.5"
    tslib: "npm:^2.6.2"
  checksum: 10c0/05e75d7444f70ef7ae70b8fbf7c839500e94033be21f820fdd9173a57913bada18adc4a8e40ad20e344bbfcf0b85828abe0f704b73527d8a293064428344c28d
  languageName: node
  linkType: hard

"@smithy/util-utf8@npm:^2.0.0":
  version: 2.3.0
  resolution: "@smithy/util-utf8@npm:2.3.0"
  dependencies:
    "@smithy/util-buffer-from": "npm:^2.2.0"
    tslib: "npm:^2.6.2"
  checksum: 10c0/e18840c58cc507ca57fdd624302aefd13337ee982754c9aa688463ffcae598c08461e8620e9852a424d662ffa948fc64919e852508028d09e89ced459bd506ab
  languageName: node
  linkType: hard

"@smithy/util-utf8@npm:^4.2.0":
  version: 4.3.5
  resolution: "@smithy/util-utf8@npm:4.3.5"
  dependencies:
    "@smithy/core": "npm:^3.24.5"
    tslib: "npm:^2.6.2"
  checksum: 10c0/269dc66967462272ffbf7da46bcf66457d7a9101f13085e08d70282199d09aa6982714d6ec133f143c8044b2a8e441967ff2195e4dcfd0fa3dc4d485c87a35af
  languageName: node
  linkType: hard

"bowser@npm:^2.11.0":
  version: 2.14.1
  resolution: "bowser@npm:2.14.1"
  checksum: 10c0/bb69b55ba7f0456e3dc07d0cfd9467f985581f640ba8fd426b08754a6737ee0d6cf3b50607941e5255f04c83075b952ece0599f978dd4d20f1e95461104c5ffd
  languageName: node
  linkType: hard

"dotenv@npm:^17.4.2":
  version: 17.4.2
  resolution: "dotenv@npm:17.4.2"
  checksum: 10c0/164f8e77a646c8446867d5b588d26ea6005c8ea7c5eb41cf926f6113d23f2191355f6e0cfd95ea9bab98394a5b0a3f1e51a8399711b666fe55cc7b0bd745f942
  languageName: node
  linkType: hard

"esbuild@npm:0.28.0":
  version: 0.28.0
  resolution: "esbuild@npm:0.28.0"
  dependencies:
    "@esbuild/aix-ppc64": "npm:0.28.0"
    "@esbuild/android-arm": "npm:0.28.0"
    "@esbuild/android-arm64": "npm:0.28.0"
    "@esbuild/android-x64": "npm:0.28.0"
    "@esbuild/darwin-arm64": "npm:0.28.0"
    "@esbuild/darwin-x64": "npm:0.28.0"
    "@esbuild/freebsd-arm64": "npm:0.28.0"
    "@esbuild/freebsd-x64": "npm:0.28.0"
    "@esbuild/linux-arm": "npm:0.28.0"
    "@esbuild/linux-arm64": "npm:0.28.0"
    "@esbuild/linux-ia32": "npm:0.28.0"
    "@esbuild/linux-loong64": "npm:0.28.0"
    "@esbuild/linux-mips64el": "npm:0.28.0"
    "@esbuild/linux-ppc64": "npm:0.28.0"
    "@esbuild/linux-riscv64": "npm:0.28.0"
    "@esbuild/linux-s390x": "npm:0.28.0"
    "@esbuild/linux-x64": "npm:0.28.0"
    "@esbuild/netbsd-arm64": "npm:0.28.0"
    "@esbuild/netbsd-x64": "npm:0.28.0"
    "@esbuild/openbsd-arm64": "npm:0.28.0"
    "@esbuild/openbsd-x64": "npm:0.28.0"
    "@esbuild/openharmony-arm64": "npm:0.28.0"
    "@esbuild/sunos-x64": "npm:0.28.0"
    "@esbuild/win32-arm64": "npm:0.28.0"
    "@esbuild/win32-ia32": "npm:0.28.0"
    "@esbuild/win32-x64": "npm:0.28.0"
  dependenciesMeta:
    "@esbuild/aix-ppc64":
      optional: true
    "@esbuild/android-arm":
      optional: true
    "@esbuild/android-arm64":
      optional: true
    "@esbuild/android-x64":
      optional: true
    "@esbuild/darwin-arm64":
      optional: true
    "@esbuild/darwin-x64":
      optional: true
    "@esbuild/freebsd-arm64":
      optional: true
    "@esbuild/freebsd-x64":
      optional: true
    "@esbuild/linux-arm":
      optional: true
    "@esbuild/linux-arm64":
      optional: true
    "@esbuild/linux-ia32":
      optional: true
    "@esbuild/linux-loong64":
      optional: true
    "@esbuild/linux-mips64el":
      optional: true
    "@esbuild/linux-ppc64":
      optional: true
    "@esbuild/linux-riscv64":
      optional: true
    "@esbuild/linux-s390x":
      optional: true
    "@esbuild/linux-x64":
      optional: true
    "@esbuild/netbsd-arm64":
      optional: true
    "@esbuild/netbsd-x64":
      optional: true
    "@esbuild/openbsd-arm64":
      optional: true
    "@esbuild/openbsd-x64":
      optional: true
    "@esbuild/openharmony-arm64":
      optional: true
    "@esbuild/sunos-x64":
      optional: true
    "@esbuild/win32-arm64":
      optional: true
    "@esbuild/win32-ia32":
      optional: true
    "@esbuild/win32-x64":
      optional: true
  bin:
    esbuild: bin/esbuild
  checksum: 10c0/8acd95c238ec6c4a9d16163277faf228a8994b642d187b3fe667ffbb469008e6748cde144fdc3c175bf8e78ee49e15a0ed9b9f183fdb5fcea1772f87fb1372a4
  languageName: node
  linkType: hard

"fast-xml-builder@npm:^1.1.7":
  version: 1.2.0
  resolution: "fast-xml-builder@npm:1.2.0"
  dependencies:
    path-expression-matcher: "npm:^1.5.0"
    xml-naming: "npm:^0.1.0"
  checksum: 10c0/84bb105cd04e91d6dcb746c4dbaeb12903b510e7ab9a06ffde55b5a582e005559a87d84467f18a655c6c4baf098f696fd74cee3cbe1aea9d01385907768ba32d
  languageName: node
  linkType: hard

"fast-xml-parser@npm:5.7.3":
  version: 5.7.3
  resolution: "fast-xml-parser@npm:5.7.3"
  dependencies:
    "@nodable/entities": "npm:^2.1.0"
    fast-xml-builder: "npm:^1.1.7"
    path-expression-matcher: "npm:^1.5.0"
    strnum: "npm:^2.2.3"
  bin:
    fxparser: src/cli/cli.js
  checksum: 10c0/eeb802855e852ce16121396297f04131c6dbc74f863be94f19e26e386656bdb31677af469ddc6627983a48b99d8842888460ac5413063cb648fde547bb579978
  languageName: node
  linkType: hard

"infisicalLauncher@workspace:.":
  version: 0.0.0-use.local
  resolution: "infisicalLauncher@workspace:."
  dependencies:
    "@infisical/sdk": "npm:^5.0.2"
    dotenv: "npm:^17.4.2"
    esbuild: "npm:0.28.0"
  bin:
    infisicalLauncher: ./dist/index.cjs
  languageName: unknown
  linkType: soft

"path-expression-matcher@npm:^1.5.0":
  version: 1.5.0
  resolution: "path-expression-matcher@npm:1.5.0"
  checksum: 10c0/646cb5bc66cd7d809a52288336f3ac1e6223f156fd8e912936e490e590f7f93e8056d4fd25fcbcc7da61bb698fa520112cb050372a3f65e7b79bd4afa0f77610
  languageName: node
  linkType: hard

"strnum@npm:^2.2.3":
  version: 2.3.0
  resolution: "strnum@npm:2.3.0"
  checksum: 10c0/8d29ea0789df22dfa6101153573c76ce12fb065ed0807eb99cc64624cd7f3d67a5aa0db507e75ab985ca23908cc4f02c65f3359ad762cb3659e3d6456e76e143
  languageName: node
  linkType: hard

"tslib@npm:^2.6.2":
  version: 2.8.1
  resolution: "tslib@npm:2.8.1"
  checksum: 10c0/9c4759110a19c53f992d9aae23aac5ced636e99887b51b9e61def52611732872ff7668757d4e4c61f19691e36f4da981cd9485e869b4a7408d689f6bf1f14e62
  languageName: node
  linkType: hard

"typescript@npm:^5.5.4":
  version: 5.9.3
  resolution: "typescript@npm:5.9.3"
  bin:
    tsc: bin/tsc
    tsserver: bin/tsserver
  checksum: 10c0/6bd7552ce39f97e711db5aa048f6f9995b53f1c52f7d8667c1abdc1700c68a76a308f579cd309ce6b53646deb4e9a1be7c813a93baaf0a28ccd536a30270e1c5
  languageName: node
  linkType: hard

"typescript@patch:typescript@npm%3A^5.5.4#optional!builtin<compat/typescript>":
  version: 5.9.3
  resolution: "typescript@patch:typescript@npm%3A5.9.3#optional!builtin<compat/typescript>::version=5.9.3&hash=5786d5"
  bin:
    tsc: bin/tsc
    tsserver: bin/tsserver
  checksum: 10c0/ad09fdf7a756814dce65bc60c1657b40d44451346858eea230e10f2e95a289d9183b6e32e5c11e95acc0ccc214b4f36289dcad4bf1886b0adb84d711d336a430
  languageName: node
  linkType: hard

"xml-naming@npm:^0.1.0":
  version: 0.1.0
  resolution: "xml-naming@npm:0.1.0"
  checksum: 10c0/8c7614865361bcb7e53e3e091dac21c567e2b92d447919b2f072775aa9dcfc94a5255bd52fbaa0fd53c93513e53a23a6a835218ad2af512451dbc678392f85fe
  languageName: node
  linkType: hard

"zod@npm:^3.23.8":
  version: 3.25.76
  resolution: "zod@npm:3.25.76"
  checksum: 10c0/5718ec35e3c40b600316c5b4c5e4976f7fee68151bc8f8d90ec18a469be9571f072e1bbaace10f1e85cf8892ea12d90821b200e980ab46916a6166a4260a983c
  languageName: node
  linkType: hard
